// !$*UTF8*$!
{
	archiveVersion = 1;
	classes = {
	};
	objectVersion = 50;
	objects = {

/* Begin PBXBuildFile section */
		BD4E7F1620A0E1B700D3F15B /* AppDelegate.m in Sources */ = {isa = PBXBuildFile; fileRef = BD4E7F1520A0E1B700D3F15B /* AppDelegate.m */; };
		BD4E7F1920A0E1B700D3F15B /* ViewController.m in Sources */ = {isa = PBXBuildFile; fileRef = BD4E7F1820A0E1B700D3F15B /* ViewController.m */; };
		BD4E7F1C20A0E1B700D3F15B /* Main.storyboard in Resources */ = {isa = PBXBuildFile; fileRef = BD4E7F1A20A0E1B700D3F15B /* Main.storyboard */; };
		BD4E7F1E20A0E1B800D3F15B /* Assets.xcassets in Resources */ = {isa = PBXBuildFile; fileRef = BD4E7F1D20A0E1B800D3F15B /* Assets.xcassets */; };
		BD4E7F2120A0E1B800D3F15B /* LaunchScreen.storyboard in Resources */ = {isa = PBXBuildFile; fileRef = BD4E7F1F20A0E1B800D3F15B /* LaunchScreen.storyboard */; };
		BD4E7F2420A0E1B800D3F15B /* main.m in Sources */ = {isa = PBXBuildFile; fileRef = BD4E7F2320A0E1B800D3F15B /* main.m */; };
		BD4E808820A102BE00D3F15B /* swipl.prc in Resources */ = {isa = PBXBuildFile; fileRef = BD4E808720A102BD00D3F15B /* swipl.prc */; };
		BD4E808A20A11A3100D3F15B /* ios-main.m in Sources */ = {isa = PBXBuildFile; fileRef = BD4E808920A11A3100D3F15B /* ios-main.m */; };
		BD4E808C20A209FD00D3F15B /* library in Resources */ = {isa = PBXBuildFile; fileRef = BD4E808B20A209FD00D3F15B /* library */; };
		BD4E808E20A2107800D3F15B /* main.pl in Resources */ = {isa = PBXBuildFile; fileRef = BD4E808D20A2107800D3F15B /* main.pl */; };
		BD4E809320A260D800D3F15B /* PrologTextView.m in Sources */ = {isa = PBXBuildFile; fileRef = BD4E809220A260D800D3F15B /* PrologTextView.m */; };
		BD4E809520A273E900D3F15B /* PrologInputView.m in Sources */ = {isa = PBXBuildFile; fileRef = BD4E809420A273E900D3F15B /* PrologInputView.m */; };
		BDEDBA9F20F80631009994D2 /* unzip.c in Sources */ = {isa = PBXBuildFile; fileRef = BDEDBA9720F80630009994D2 /* unzip.c */; };
		BDEDBAA020F80631009994D2 /* mztools.c in Sources */ = {isa = PBXBuildFile; fileRef = BDEDBA9820F80630009994D2 /* mztools.c */; };
		BDEDBAA120F80631009994D2 /* zip.c in Sources */ = {isa = PBXBuildFile; fileRef = BDEDBA9920F80630009994D2 /* zip.c */; };
		BDEDBAA220F80631009994D2 /* ioapi.c in Sources */ = {isa = PBXBuildFile; fileRef = BDEDBA9D20F80630009994D2 /* ioapi.c */; };
		BDEDBAC520F806D3009994D2 /* tai_sub.c in Sources */ = {isa = PBXBuildFile; fileRef = BDEDBAA420F806D0009994D2 /* tai_sub.c */; };
		BDEDBAC620F806D3009994D2 /* taia_now.c in Sources */ = {isa = PBXBuildFile; fileRef = BDEDBAA520F806D0009994D2 /* taia_now.c */; };
		BDEDBAC720F806D3009994D2 /* caldate_norm.c in Sources */ = {isa = PBXBuildFile; fileRef = BDEDBAA620F806D0009994D2 /* caldate_norm.c */; };
		BDEDBAC820F806D3009994D2 /* taia_frac.c in Sources */ = {isa = PBXBuildFile; fileRef = BDEDBAA720F806D0009994D2 /* taia_frac.c */; };
		BDEDBAC920F806D3009994D2 /* caltime_scan.c in Sources */ = {isa = PBXBuildFile; fileRef = BDEDBAA820F806D0009994D2 /* caltime_scan.c */; };
		BDEDBACA20F806D3009994D2 /* tai_pack.c in Sources */ = {isa = PBXBuildFile; fileRef = BDEDBAA920F806D0009994D2 /* tai_pack.c */; };
		BDEDBACB20F806D3009994D2 /* caldate_fmjd.c in Sources */ = {isa = PBXBuildFile; fileRef = BDEDBAAA20F806D0009994D2 /* caldate_fmjd.c */; };
		BDEDBACC20F806D3009994D2 /* caltime_utc.c in Sources */ = {isa = PBXBuildFile; fileRef = BDEDBAAB20F806D0009994D2 /* caltime_utc.c */; };
		BDEDBACD20F806D3009994D2 /* leapsecs_init.c in Sources */ = {isa = PBXBuildFile; fileRef = BDEDBAAC20F806D0009994D2 /* leapsecs_init.c */; };
		BDEDBACE20F806D3009994D2 /* taia_less.c in Sources */ = {isa = PBXBuildFile; fileRef = BDEDBAAD20F806D0009994D2 /* taia_less.c */; };
		BDEDBACF20F806D3009994D2 /* leapsecs_add.c in Sources */ = {isa = PBXBuildFile; fileRef = BDEDBAAE20F806D1009994D2 /* leapsecs_add.c */; };
		BDEDBAD020F806D3009994D2 /* taia_sub.c in Sources */ = {isa = PBXBuildFile; fileRef = BDEDBAB120F806D1009994D2 /* taia_sub.c */; };
		BDEDBAD120F806D3009994D2 /* leapsecs_sub.c in Sources */ = {isa = PBXBuildFile; fileRef = BDEDBAB220F806D1009994D2 /* leapsecs_sub.c */; };
		BDEDBAD220F806D3009994D2 /* taia_unpack.c in Sources */ = {isa = PBXBuildFile; fileRef = BDEDBAB320F806D1009994D2 /* taia_unpack.c */; };
		BDEDBAD320F806D3009994D2 /* taia_fmtfrac.c in Sources */ = {isa = PBXBuildFile; fileRef = BDEDBAB420F806D1009994D2 /* taia_fmtfrac.c */; };
		BDEDBAD420F806D3009994D2 /* caldate_mjd.c in Sources */ = {isa = PBXBuildFile; fileRef = BDEDBAB520F806D1009994D2 /* caldate_mjd.c */; };
		BDEDBAD520F806D3009994D2 /* caldate_scan.c in Sources */ = {isa = PBXBuildFile; fileRef = BDEDBAB620F806D1009994D2 /* caldate_scan.c */; };
		BDEDBAD620F806D3009994D2 /* tai_now.c in Sources */ = {isa = PBXBuildFile; fileRef = BDEDBAB720F806D1009994D2 /* tai_now.c */; };
		BDEDBAD720F806D3009994D2 /* taia_approx.c in Sources */ = {isa = PBXBuildFile; fileRef = BDEDBAB820F806D1009994D2 /* taia_approx.c */; };
		BDEDBAD820F806D3009994D2 /* taia_pack.c in Sources */ = {isa = PBXBuildFile; fileRef = BDEDBAB920F806D1009994D2 /* taia_pack.c */; };
		BDEDBAD920F806D3009994D2 /* taia_add.c in Sources */ = {isa = PBXBuildFile; fileRef = BDEDBABA20F806D2009994D2 /* taia_add.c */; };
		BDEDBADA20F806D3009994D2 /* taia_tai.c in Sources */ = {isa = PBXBuildFile; fileRef = BDEDBABB20F806D2009994D2 /* taia_tai.c */; };
		BDEDBADB20F806D3009994D2 /* tai_unpack.c in Sources */ = {isa = PBXBuildFile; fileRef = BDEDBABC20F806D2009994D2 /* tai_unpack.c */; };
		BDEDBADC20F806D3009994D2 /* caldate_ster.c in Sources */ = {isa = PBXBuildFile; fileRef = BDEDBABD20F806D2009994D2 /* caldate_ster.c */; };
		BDEDBADD20F806D3009994D2 /* caldate_fmt.c in Sources */ = {isa = PBXBuildFile; fileRef = BDEDBABF20F806D2009994D2 /* caldate_fmt.c */; };
		BDEDBADE20F806D3009994D2 /* caltime_tai.c in Sources */ = {isa = PBXBuildFile; fileRef = BDEDBAC020F806D2009994D2 /* caltime_tai.c */; };
		BDEDBADF20F806D3009994D2 /* caltime_fmt.c in Sources */ = {isa = PBXBuildFile; fileRef = BDEDBAC120F806D2009994D2 /* caltime_fmt.c */; };
		BDEDBAE020F806D3009994D2 /* taia_half.c in Sources */ = {isa = PBXBuildFile; fileRef = BDEDBAC220F806D2009994D2 /* taia_half.c */; };
		BDEDBAE120F806D3009994D2 /* leapsecs_read.c in Sources */ = {isa = PBXBuildFile; fileRef = BDEDBAC320F806D2009994D2 /* leapsecs_read.c */; };
		BDEDBAE220F806D3009994D2 /* tai_add.c in Sources */ = {isa = PBXBuildFile; fileRef = BDEDBAC420F806D3009994D2 /* tai_add.c */; };
		BDEDBB0520F8075D009994D2 /* pl-table.c in Sources */ = {isa = PBXBuildFile; fileRef = BDEDBAE420F8075A009994D2 /* pl-table.c */; };
		BDEDBB0620F8075D009994D2 /* pl-dtoa.c in Sources */ = {isa = PBXBuildFile; fileRef = BDEDBAE520F8075A009994D2 /* pl-dtoa.c */; };
		BDEDBB0720F8075D009994D2 /* pl-fmt.c in Sources */ = {isa = PBXBuildFile; fileRef = BDEDBAE620F8075A009994D2 /* pl-fmt.c */; };
		BDEDBB0820F8075D009994D2 /* pl-option.c in Sources */ = {isa = PBXBuildFile; fileRef = BDEDBAE820F8075A009994D2 /* pl-option.c */; };
		BDEDBB0920F8075D009994D2 /* pl-file.c in Sources */ = {isa = PBXBuildFile; fileRef = BDEDBAEA20F8075A009994D2 /* pl-file.c */; };
		BDEDBB0A20F8075D009994D2 /* pl-string.c in Sources */ = {isa = PBXBuildFile; fileRef = BDEDBAEC20F8075A009994D2 /* pl-string.c */; };
		BDEDBB0B20F8075D009994D2 /* pl-files.c in Sources */ = {isa = PBXBuildFile; fileRef = BDEDBAED20F8075A009994D2 /* pl-files.c */; };
		BDEDBB0C20F8075D009994D2 /* pl-utf8.c in Sources */ = {isa = PBXBuildFile; fileRef = BDEDBAEF20F8075B009994D2 /* pl-utf8.c */; };
		BDEDBB0D20F8075D009994D2 /* pl-text.c in Sources */ = {isa = PBXBuildFile; fileRef = BDEDBAF220F8075B009994D2 /* pl-text.c */; };
		BDEDBB0E20F8075D009994D2 /* pl-codelist.c in Sources */ = {isa = PBXBuildFile; fileRef = BDEDBAF320F8075B009994D2 /* pl-codelist.c */; };
		BDEDBB0F20F8075D009994D2 /* pl-cstack.c in Sources */ = {isa = PBXBuildFile; fileRef = BDEDBAF420F8075B009994D2 /* pl-cstack.c */; };
		BDEDBB1020F8075D009994D2 /* pl-ctype.c in Sources */ = {isa = PBXBuildFile; fileRef = BDEDBAFA20F8075C009994D2 /* pl-ctype.c */; };
		BDEDBB1120F8075D009994D2 /* pl-buffer.c in Sources */ = {isa = PBXBuildFile; fileRef = BDEDBAFC20F8075C009994D2 /* pl-buffer.c */; };
		BDEDBB1220F8075D009994D2 /* pl-prologflag.c in Sources */ = {isa = PBXBuildFile; fileRef = BDEDBAFD20F8075C009994D2 /* pl-prologflag.c */; };
		BDEDBB1320F8075D009994D2 /* pl-os.c in Sources */ = {isa = PBXBuildFile; fileRef = BDEDBAFE20F8075C009994D2 /* pl-os.c */; };
		BDEDBB1420F8075D009994D2 /* pl-tai.c in Sources */ = {isa = PBXBuildFile; fileRef = BDEDBAFF20F8075C009994D2 /* pl-tai.c */; };
		BDEDBB1520F8075D009994D2 /* pl-stream.c in Sources */ = {isa = PBXBuildFile; fileRef = BDEDBB0020F8075C009994D2 /* pl-stream.c */; };
		BDEDBB1620F8075D009994D2 /* pl-glob.c in Sources */ = {isa = PBXBuildFile; fileRef = BDEDBB0220F8075D009994D2 /* pl-glob.c */; };
		BDEDBB1720F8075D009994D2 /* pl-locale.c in Sources */ = {isa = PBXBuildFile; fileRef = BDEDBB0320F8075D009994D2 /* pl-locale.c */; };
		BDEDBB7820F80898009994D2 /* pl-gc.c in Sources */ = {isa = PBXBuildFile; fileRef = BDEDBB1820F8088B009994D2 /* pl-gc.c */; };
		BDEDBB7920F80898009994D2 /* pl-op.c in Sources */ = {isa = PBXBuildFile; fileRef = BDEDBB1B20F8088C009994D2 /* pl-op.c */; };
		BDEDBB7A20F80898009994D2 /* pl-error.c in Sources */ = {isa = PBXBuildFile; fileRef = BDEDBB1D20F8088C009994D2 /* pl-error.c */; };
		BDEDBB7B20F80898009994D2 /* pl-dict.c in Sources */ = {isa = PBXBuildFile; fileRef = BDEDBB1E20F8088C009994D2 /* pl-dict.c */; };
		BDEDBB7C20F80898009994D2 /* pl-privitf.c in Sources */ = {isa = PBXBuildFile; fileRef = BDEDBB1F20F8088C009994D2 /* pl-privitf.c */; };
		BDEDBB7D20F80898009994D2 /* pl-atom.ic in Resources */ = {isa = PBXBuildFile; fileRef = BDEDBB2120F8088C009994D2 /* pl-atom.ic */; };
		BDEDBB7E20F80898009994D2 /* pl-gmp.c in Sources */ = {isa = PBXBuildFile; fileRef = BDEDBB2220F8088D009994D2 /* pl-gmp.c */; };
		BDEDBB7F20F80898009994D2 /* pl-segstack.c in Sources */ = {isa = PBXBuildFile; fileRef = BDEDBB2320F8088D009994D2 /* pl-segstack.c */; };
		BDEDBB8020F80898009994D2 /* pl-zip.c in Sources */ = {isa = PBXBuildFile; fileRef = BDEDBB2420F8088D009994D2 /* pl-zip.c */; };
		BDEDBB8120F80898009994D2 /* pl-prof.c in Sources */ = {isa = PBXBuildFile; fileRef = BDEDBB2720F8088D009994D2 /* pl-prof.c */; };
		BDEDBB8220F80898009994D2 /* pl-hash.c in Sources */ = {isa = PBXBuildFile; fileRef = BDEDBB2820F8088E009994D2 /* pl-hash.c */; };
		BDEDBB8320F80898009994D2 /* pl-trace.c in Sources */ = {isa = PBXBuildFile; fileRef = BDEDBB2920F8088E009994D2 /* pl-trace.c */; };
		BDEDBB8420F80898009994D2 /* pl-supervisor.c in Sources */ = {isa = PBXBuildFile; fileRef = BDEDBB2C20F8088E009994D2 /* pl-supervisor.c */; };
		BDEDBB8620F80898009994D2 /* pl-list.c in Sources */ = {isa = PBXBuildFile; fileRef = BDEDBB2E20F8088E009994D2 /* pl-list.c */; };
		BDEDBB8720F80898009994D2 /* pl-indirect.c in Sources */ = {isa = PBXBuildFile; fileRef = BDEDBB2F20F8088F009994D2 /* pl-indirect.c */; };
		BDEDBB8820F80898009994D2 /* pl-sys.c in Sources */ = {isa = PBXBuildFile; fileRef = BDEDBB3020F8088F009994D2 /* pl-sys.c */; };
		BDEDBB8920F80898009994D2 /* pl-string.c in Sources */ = {isa = PBXBuildFile; fileRef = BDEDBB3220F8088F009994D2 /* pl-string.c */; };
		BDEDBB8A20F80898009994D2 /* pl-copyterm.c in Sources */ = {isa = PBXBuildFile; fileRef = BDEDBB3420F8088F009994D2 /* pl-copyterm.c */; };
		BDEDBB8B20F80898009994D2 /* pl-term.c in Sources */ = {isa = PBXBuildFile; fileRef = BDEDBB3620F80890009994D2 /* pl-term.c */; };
		BDEDBB8C20F80898009994D2 /* pl-xterm.c in Sources */ = {isa = PBXBuildFile; fileRef = BDEDBB3720F80890009994D2 /* pl-xterm.c */; };
		BDEDBB8D20F80898009994D2 /* pl-tabling.c in Sources */ = {isa = PBXBuildFile; fileRef = BDEDBB3820F80890009994D2 /* pl-tabling.c */; };
		BDEDBB8E20F80898009994D2 /* pl-dbref.c in Sources */ = {isa = PBXBuildFile; fileRef = BDEDBB3920F80890009994D2 /* pl-dbref.c */; };
		BDEDBB8F20F80898009994D2 /* pl-attvar.c in Sources */ = {isa = PBXBuildFile; fileRef = BDEDBB3A20F80890009994D2 /* pl-attvar.c */; };
		BDEDBB9020F80898009994D2 /* pl-funct.c in Sources */ = {isa = PBXBuildFile; fileRef = BDEDBB3C20F80891009994D2 /* pl-funct.c */; };
		BDEDBB9120F80898009994D2 /* pl-wic.c in Sources */ = {isa = PBXBuildFile; fileRef = BDEDBB3F20F80891009994D2 /* pl-wic.c */; };
		BDEDBB9220F80898009994D2 /* pl-jumptable.ic in Resources */ = {isa = PBXBuildFile; fileRef = BDEDBB4020F80891009994D2 /* pl-jumptable.ic */; };
		BDEDBB9320F80898009994D2 /* pl-version.c in Sources */ = {isa = PBXBuildFile; fileRef = BDEDBB4120F80891009994D2 /* pl-version.c */; };
		BDEDBB9420F80898009994D2 /* pl-btree.c in Sources */ = {isa = PBXBuildFile; fileRef = BDEDBB4220F80892009994D2 /* pl-btree.c */; };
		BDEDBB9520F80898009994D2 /* pl-mutex.c in Sources */ = {isa = PBXBuildFile; fileRef = BDEDBB4320F80892009994D2 /* pl-mutex.c */; };
		BDEDBB9620F80898009994D2 /* pl-codetable.c in Sources */ = {isa = PBXBuildFile; fileRef = BDEDBB4520F80892009994D2 /* pl-codetable.c */; };
		BDEDBB9720F80898009994D2 /* pl-rec.c in Sources */ = {isa = PBXBuildFile; fileRef = BDEDBB4620F80892009994D2 /* pl-rec.c */; };
		BDEDBB9820F80898009994D2 /* pl-flag.c in Sources */ = {isa = PBXBuildFile; fileRef = BDEDBB4820F80892009994D2 /* pl-flag.c */; };
		BDEDBB9920F80898009994D2 /* pl-proc.c in Sources */ = {isa = PBXBuildFile; fileRef = BDEDBB4A20F80893009994D2 /* pl-proc.c */; };
		BDEDBB9A20F80898009994D2 /* pl-assert.c in Sources */ = {isa = PBXBuildFile; fileRef = BDEDBB4B20F80893009994D2 /* pl-assert.c */; };
		BDEDBB9B20F80898009994D2 /* pl-funct.ic in Resources */ = {isa = PBXBuildFile; fileRef = BDEDBB4C20F80893009994D2 /* pl-funct.ic */; };
		BDEDBB9C20F80898009994D2 /* pl-gvar.c in Sources */ = {isa = PBXBuildFile; fileRef = BDEDBB4E20F80893009994D2 /* pl-gvar.c */; };
		BDEDBB9D20F80898009994D2 /* pl-arith.c in Sources */ = {isa = PBXBuildFile; fileRef = BDEDBB5120F80894009994D2 /* pl-arith.c */; };
		BDEDBB9E20F80898009994D2 /* pl-pro.c in Sources */ = {isa = PBXBuildFile; fileRef = BDEDBB5220F80894009994D2 /* pl-pro.c */; };
		BDEDBB9F20F80898009994D2 /* pl-dde.c in Sources */ = {isa = PBXBuildFile; fileRef = BDEDBB5320F80894009994D2 /* pl-dde.c */; };
		BDEDBBA020F80898009994D2 /* pl-rsort.c in Sources */ = {isa = PBXBuildFile; fileRef = BDEDBB5420F80894009994D2 /* pl-rsort.c */; };
		BDEDBBA120F80898009994D2 /* pl-srcfile.c in Sources */ = {isa = PBXBuildFile; fileRef = BDEDBB5520F80894009994D2 /* pl-srcfile.c */; };
		BDEDBBA220F80898009994D2 /* pl-umap.c in Sources */ = {isa = PBXBuildFile; fileRef = BDEDBB5720F80894009994D2 /* pl-umap.c */; };
		BDEDBBA320F80898009994D2 /* pl-cont.c in Sources */ = {isa = PBXBuildFile; fileRef = BDEDBB5920F80895009994D2 /* pl-cont.c */; };
		BDEDBBA420F80898009994D2 /* pl-load.c in Sources */ = {isa = PBXBuildFile; fileRef = BDEDBB5B20F80895009994D2 /* pl-load.c */; };
		BDEDBBA520F80898009994D2 /* pl-thread.c in Sources */ = {isa = PBXBuildFile; fileRef = BDEDBB5C20F80895009994D2 /* pl-thread.c */; };
		BDEDBBA620F80898009994D2 /* pl-variant.c in Sources */ = {isa = PBXBuildFile; fileRef = BDEDBB5D20F80895009994D2 /* pl-variant.c */; };
		BDEDBBA720F80898009994D2 /* pl-bag.c in Sources */ = {isa = PBXBuildFile; fileRef = BDEDBB5F20F80895009994D2 /* pl-bag.c */; };
		BDEDBBA820F80898009994D2 /* pl-dwim.c in Sources */ = {isa = PBXBuildFile; fileRef = BDEDBB6020F80895009994D2 /* pl-dwim.c */; };
		BDEDBBA920F80898009994D2 /* pl-util.c in Sources */ = {isa = PBXBuildFile; fileRef = BDEDBB6220F80896009994D2 /* pl-util.c */; };
		BDEDBBAA20F80898009994D2 /* pl-prims.c in Sources */ = {isa = PBXBuildFile; fileRef = BDEDBB6320F80896009994D2 /* pl-prims.c */; };
		BDEDBBAC20F80898009994D2 /* pl-write.c in Sources */ = {isa = PBXBuildFile; fileRef = BDEDBB6520F80896009994D2 /* pl-write.c */; };
		BDEDBBAD20F80898009994D2 /* pl-atom.ih in Resources */ = {isa = PBXBuildFile; fileRef = BDEDBB6620F80896009994D2 /* pl-atom.ih */; };
		BDEDBBAE20F80898009994D2 /* pl-comp.c in Sources */ = {isa = PBXBuildFile; fileRef = BDEDBB6820F80896009994D2 /* pl-comp.c */; };
		BDEDBBAF20F80898009994D2 /* pl-init.c in Sources */ = {isa = PBXBuildFile; fileRef = BDEDBB6920F80896009994D2 /* pl-init.c */; };
		BDEDBBB020F80898009994D2 /* pl-modul.c in Sources */ = {isa = PBXBuildFile; fileRef = BDEDBB6A20F80897009994D2 /* pl-modul.c */; };
		BDEDBBB120F80898009994D2 /* pl-read.c in Sources */ = {isa = PBXBuildFile; fileRef = BDEDBB6C20F80897009994D2 /* pl-read.c */; };
		BDEDBBB220F80898009994D2 /* pl-wam.c in Sources */ = {isa = PBXBuildFile; fileRef = BDEDBB6D20F80897009994D2 /* pl-wam.c */; };
		BDEDBBB320F80898009994D2 /* pl-atom.c in Sources */ = {isa = PBXBuildFile; fileRef = BDEDBB6E20F80897009994D2 /* pl-atom.c */; };
		BDEDBBB420F80898009994D2 /* pl-debug.c in Sources */ = {isa = PBXBuildFile; fileRef = BDEDBB6F20F80897009994D2 /* pl-debug.c */; };
		BDEDBBB520F80898009994D2 /* pl-ext.c in Sources */ = {isa = PBXBuildFile; fileRef = BDEDBB7020F80897009994D2 /* pl-ext.c */; };
		BDEDBBB620F80898009994D2 /* pl-ressymbol.c in Sources */ = {isa = PBXBuildFile; fileRef = BDEDBB7320F80898009994D2 /* pl-ressymbol.c */; };
		BDEDBBB720F80898009994D2 /* pl-setup.c in Sources */ = {isa = PBXBuildFile; fileRef = BDEDBB7420F80898009994D2 /* pl-setup.c */; };
		BDEDBBB820F80898009994D2 /* pl-funct.ih in Resources */ = {isa = PBXBuildFile; fileRef = BDEDBB7520F80898009994D2 /* pl-funct.ih */; };
		BDEDBBB920F80898009994D2 /* pl-trie.c in Sources */ = {isa = PBXBuildFile; fileRef = BDEDBB7620F80898009994D2 /* pl-trie.c */; };
		BDEDBBBA20F80898009994D2 /* pl-termhash.c in Sources */ = {isa = PBXBuildFile; fileRef = BDEDBB7720F80898009994D2 /* pl-termhash.c */; };
/* End PBXBuildFile section */

/* Begin PBXFileReference section */
		BD4E7F1120A0E1B700D3F15B /* Prolog.app */ = {isa = PBXFileReference; explicitFileType = wrapper.application; includeInIndex = 0; path = Prolog.app; sourceTree = BUILT_PRODUCTS_DIR; };
		BD4E7F1420A0E1B700D3F15B /* AppDelegate.h */ = {isa = PBXFileReference; lastKnownFileType = sourcecode.c.h; path = AppDelegate.h; sourceTree = "<group>"; };
		BD4E7F1520A0E1B700D3F15B /* AppDelegate.m */ = {isa = PBXFileReference; lastKnownFileType = sourcecode.c.objc; path = AppDelegate.m; sourceTree = "<group>"; };
		BD4E7F1720A0E1B700D3F15B /* ViewController.h */ = {isa = PBXFileReference; lastKnownFileType = sourcecode.c.h; path = ViewController.h; sourceTree = "<group>"; };
		BD4E7F1820A0E1B700D3F15B /* ViewController.m */ = {isa = PBXFileReference; lastKnownFileType = sourcecode.c.objc; path = ViewController.m; sourceTree = "<group>"; };
		BD4E7F1B20A0E1B700D3F15B /* Base */ = {isa = PBXFileReference; lastKnownFileType = file.storyboard; name = Base; path = Base.lproj/Main.storyboard; sourceTree = "<group>"; };
		BD4E7F1D20A0E1B800D3F15B /* Assets.xcassets */ = {isa = PBXFileReference; lastKnownFileType = folder.assetcatalog; path = Assets.xcassets; sourceTree = "<group>"; };
		BD4E7F2020A0E1B800D3F15B /* Base */ = {isa = PBXFileReference; lastKnownFileType = file.storyboard; name = Base; path = Base.lproj/LaunchScreen.storyboard; sourceTree = "<group>"; };
		BD4E7F2220A0E1B800D3F15B /* Info.plist */ = {isa = PBXFileReference; lastKnownFileType = text.plist.xml; path = Info.plist; sourceTree = "<group>"; };
		BD4E7F2320A0E1B800D3F15B /* main.m */ = {isa = PBXFileReference; lastKnownFileType = sourcecode.c.objc; path = main.m; sourceTree = "<group>"; };
		BD4E7FDD20A0E39800D3F15B /* config.h */ = {isa = PBXFileReference; fileEncoding = 4; lastKnownFileType = sourcecode.c.h; path = config.h; sourceTree = SOURCE_ROOT; };
		BD4E808720A102BD00D3F15B /* swipl.prc */ = {isa = PBXFileReference; lastKnownFileType = file; path = swipl.prc; sourceTree = "<group>"; };
		BD4E808920A11A3100D3F15B /* ios-main.m */ = {isa = PBXFileReference; fileEncoding = 4; lastKnownFileType = sourcecode.c.objc; path = "ios-main.m"; sourceTree = SOURCE_ROOT; };
		BD4E808B20A209FD00D3F15B /* library */ = {isa = PBXFileReference; lastKnownFileType = folder; name = library; path = ../../library; sourceTree = "<group>"; };
		BD4E808D20A2107800D3F15B /* main.pl */ = {isa = PBXFileReference; fileEncoding = 4; lastKnownFileType = text.script.perl; path = main.pl; sourceTree = SOURCE_ROOT; };
		BD4E809120A260A300D3F15B /* PrologTextView.h */ = {isa = PBXFileReference; lastKnownFileType = sourcecode.c.h; path = PrologTextView.h; sourceTree = "<group>"; };
		BD4E809220A260D800D3F15B /* PrologTextView.m */ = {isa = PBXFileReference; lastKnownFileType = sourcecode.c.objc; path = PrologTextView.m; sourceTree = "<group>"; };
		BD4E809420A273E900D3F15B /* PrologInputView.m */ = {isa = PBXFileReference; lastKnownFileType = sourcecode.c.objc; path = PrologInputView.m; sourceTree = "<group>"; };
		BD4E809620A273FA00D3F15B /* PrologInputView.h */ = {isa = PBXFileReference; lastKnownFileType = sourcecode.c.h; path = PrologInputView.h; sourceTree = "<group>"; };
		BDEDBA9620F80630009994D2 /* ioapi.h */ = {isa = PBXFileReference; fileEncoding = 4; lastKnownFileType = sourcecode.c.h; name = ioapi.h; path = ../../../src/minizip/ioapi.h; sourceTree = "<group>"; };
		BDEDBA9720F80630009994D2 /* unzip.c */ = {isa = PBXFileReference; fileEncoding = 4; lastKnownFileType = sourcecode.c.c; name = unzip.c; path = ../../../src/minizip/unzip.c; sourceTree = "<group>"; };
		BDEDBA9820F80630009994D2 /* mztools.c */ = {isa = PBXFileReference; fileEncoding = 4; lastKnownFileType = sourcecode.c.c; name = mztools.c; path = ../../../src/minizip/mztools.c; sourceTree = "<group>"; };
		BDEDBA9920F80630009994D2 /* zip.c */ = {isa = PBXFileReference; fileEncoding = 4; lastKnownFileType = sourcecode.c.c; name = zip.c; path = ../../../src/minizip/zip.c; sourceTree = "<group>"; };
		BDEDBA9A20F80630009994D2 /* zip.h */ = {isa = PBXFileReference; fileEncoding = 4; lastKnownFileType = sourcecode.c.h; name = zip.h; path = ../../../src/minizip/zip.h; sourceTree = "<group>"; };
		BDEDBA9B20F80630009994D2 /* crypt.h */ = {isa = PBXFileReference; fileEncoding = 4; lastKnownFileType = sourcecode.c.h; name = crypt.h; path = ../../../src/minizip/crypt.h; sourceTree = "<group>"; };
		BDEDBA9C20F80630009994D2 /* mztools.h */ = {isa = PBXFileReference; fileEncoding = 4; lastKnownFileType = sourcecode.c.h; name = mztools.h; path = ../../../src/minizip/mztools.h; sourceTree = "<group>"; };
		BDEDBA9D20F80630009994D2 /* ioapi.c */ = {isa = PBXFileReference; fileEncoding = 4; lastKnownFileType = sourcecode.c.c; name = ioapi.c; path = ../../../src/minizip/ioapi.c; sourceTree = "<group>"; };
		BDEDBA9E20F80630009994D2 /* unzip.h */ = {isa = PBXFileReference; fileEncoding = 4; lastKnownFileType = sourcecode.c.h; name = unzip.h; path = ../../../src/minizip/unzip.h; sourceTree = "<group>"; };
		BDEDBAA320F806D0009994D2 /* caldate.h */ = {isa = PBXFileReference; fileEncoding = 4; lastKnownFileType = sourcecode.c.h; name = caldate.h; path = ../../../src/libtai/caldate.h; sourceTree = "<group>"; };
		BDEDBAA420F806D0009994D2 /* tai_sub.c */ = {isa = PBXFileReference; fileEncoding = 4; lastKnownFileType = sourcecode.c.c; name = tai_sub.c; path = ../../../src/libtai/tai_sub.c; sourceTree = "<group>"; };
		BDEDBAA520F806D0009994D2 /* taia_now.c */ = {isa = PBXFileReference; fileEncoding = 4; lastKnownFileType = sourcecode.c.c; name = taia_now.c; path = ../../../src/libtai/taia_now.c; sourceTree = "<group>"; };
		BDEDBAA620F806D0009994D2 /* caldate_norm.c */ = {isa = PBXFileReference; fileEncoding = 4; lastKnownFileType = sourcecode.c.c; name = caldate_norm.c; path = ../../../src/libtai/caldate_norm.c; sourceTree = "<group>"; };
		BDEDBAA720F806D0009994D2 /* taia_frac.c */ = {isa = PBXFileReference; fileEncoding = 4; lastKnownFileType = sourcecode.c.c; name = taia_frac.c; path = ../../../src/libtai/taia_frac.c; sourceTree = "<group>"; };
		BDEDBAA820F806D0009994D2 /* caltime_scan.c */ = {isa = PBXFileReference; fileEncoding = 4; lastKnownFileType = sourcecode.c.c; name = caltime_scan.c; path = ../../../src/libtai/caltime_scan.c; sourceTree = "<group>"; };
		BDEDBAA920F806D0009994D2 /* tai_pack.c */ = {isa = PBXFileReference; fileEncoding = 4; lastKnownFileType = sourcecode.c.c; name = tai_pack.c; path = ../../../src/libtai/tai_pack.c; sourceTree = "<group>"; };
		BDEDBAAA20F806D0009994D2 /* caldate_fmjd.c */ = {isa = PBXFileReference; fileEncoding = 4; lastKnownFileType = sourcecode.c.c; name = caldate_fmjd.c; path = ../../../src/libtai/caldate_fmjd.c; sourceTree = "<group>"; };
		BDEDBAAB20F806D0009994D2 /* caltime_utc.c */ = {isa = PBXFileReference; fileEncoding = 4; lastKnownFileType = sourcecode.c.c; name = caltime_utc.c; path = ../../../src/libtai/caltime_utc.c; sourceTree = "<group>"; };
		BDEDBAAC20F806D0009994D2 /* leapsecs_init.c */ = {isa = PBXFileReference; fileEncoding = 4; lastKnownFileType = sourcecode.c.c; name = leapsecs_init.c; path = ../../../src/libtai/leapsecs_init.c; sourceTree = "<group>"; };
		BDEDBAAD20F806D0009994D2 /* taia_less.c */ = {isa = PBXFileReference; fileEncoding = 4; lastKnownFileType = sourcecode.c.c; name = taia_less.c; path = ../../../src/libtai/taia_less.c; sourceTree = "<group>"; };
		BDEDBAAE20F806D1009994D2 /* leapsecs_add.c */ = {isa = PBXFileReference; fileEncoding = 4; lastKnownFileType = sourcecode.c.c; name = leapsecs_add.c; path = ../../../src/libtai/leapsecs_add.c; sourceTree = "<group>"; };
		BDEDBAAF20F806D1009994D2 /* tai.h */ = {isa = PBXFileReference; fileEncoding = 4; lastKnownFileType = sourcecode.c.h; name = tai.h; path = ../../../src/libtai/tai.h; sourceTree = "<group>"; };
		BDEDBAB020F806D1009994D2 /* taia.h */ = {isa = PBXFileReference; fileEncoding = 4; lastKnownFileType = sourcecode.c.h; name = taia.h; path = ../../../src/libtai/taia.h; sourceTree = "<group>"; };
		BDEDBAB120F806D1009994D2 /* taia_sub.c */ = {isa = PBXFileReference; fileEncoding = 4; lastKnownFileType = sourcecode.c.c; name = taia_sub.c; path = ../../../src/libtai/taia_sub.c; sourceTree = "<group>"; };
		BDEDBAB220F806D1009994D2 /* leapsecs_sub.c */ = {isa = PBXFileReference; fileEncoding = 4; lastKnownFileType = sourcecode.c.c; name = leapsecs_sub.c; path = ../../../src/libtai/leapsecs_sub.c; sourceTree = "<group>"; };
		BDEDBAB320F806D1009994D2 /* taia_unpack.c */ = {isa = PBXFileReference; fileEncoding = 4; lastKnownFileType = sourcecode.c.c; name = taia_unpack.c; path = ../../../src/libtai/taia_unpack.c; sourceTree = "<group>"; };
		BDEDBAB420F806D1009994D2 /* taia_fmtfrac.c */ = {isa = PBXFileReference; fileEncoding = 4; lastKnownFileType = sourcecode.c.c; name = taia_fmtfrac.c; path = ../../../src/libtai/taia_fmtfrac.c; sourceTree = "<group>"; };
		BDEDBAB520F806D1009994D2 /* caldate_mjd.c */ = {isa = PBXFileReference; fileEncoding = 4; lastKnownFileType = sourcecode.c.c; name = caldate_mjd.c; path = ../../../src/libtai/caldate_mjd.c; sourceTree = "<group>"; };
		BDEDBAB620F806D1009994D2 /* caldate_scan.c */ = {isa = PBXFileReference; fileEncoding = 4; lastKnownFileType = sourcecode.c.c; name = caldate_scan.c; path = ../../../src/libtai/caldate_scan.c; sourceTree = "<group>"; };
		BDEDBAB720F806D1009994D2 /* tai_now.c */ = {isa = PBXFileReference; fileEncoding = 4; lastKnownFileType = sourcecode.c.c; name = tai_now.c; path = ../../../src/libtai/tai_now.c; sourceTree = "<group>"; };
		BDEDBAB820F806D1009994D2 /* taia_approx.c */ = {isa = PBXFileReference; fileEncoding = 4; lastKnownFileType = sourcecode.c.c; name = taia_approx.c; path = ../../../src/libtai/taia_approx.c; sourceTree = "<group>"; };
		BDEDBAB920F806D1009994D2 /* taia_pack.c */ = {isa = PBXFileReference; fileEncoding = 4; lastKnownFileType = sourcecode.c.c; name = taia_pack.c; path = ../../../src/libtai/taia_pack.c; sourceTree = "<group>"; };
		BDEDBABA20F806D2009994D2 /* taia_add.c */ = {isa = PBXFileReference; fileEncoding = 4; lastKnownFileType = sourcecode.c.c; name = taia_add.c; path = ../../../src/libtai/taia_add.c; sourceTree = "<group>"; };
		BDEDBABB20F806D2009994D2 /* taia_tai.c */ = {isa = PBXFileReference; fileEncoding = 4; lastKnownFileType = sourcecode.c.c; name = taia_tai.c; path = ../../../src/libtai/taia_tai.c; sourceTree = "<group>"; };
		BDEDBABC20F806D2009994D2 /* tai_unpack.c */ = {isa = PBXFileReference; fileEncoding = 4; lastKnownFileType = sourcecode.c.c; name = tai_unpack.c; path = ../../../src/libtai/tai_unpack.c; sourceTree = "<group>"; };
		BDEDBABD20F806D2009994D2 /* caldate_ster.c */ = {isa = PBXFileReference; fileEncoding = 4; lastKnownFileType = sourcecode.c.c; name = caldate_ster.c; path = ../../../src/libtai/caldate_ster.c; sourceTree = "<group>"; };
		BDEDBABE20F806D2009994D2 /* caltime.h */ = {isa = PBXFileReference; fileEncoding = 4; lastKnownFileType = sourcecode.c.h; name = caltime.h; path = ../../../src/libtai/caltime.h; sourceTree = "<group>"; };
		BDEDBABF20F806D2009994D2 /* caldate_fmt.c */ = {isa = PBXFileReference; fileEncoding = 4; lastKnownFileType = sourcecode.c.c; name = caldate_fmt.c; path = ../../../src/libtai/caldate_fmt.c; sourceTree = "<group>"; };
		BDEDBAC020F806D2009994D2 /* caltime_tai.c */ = {isa = PBXFileReference; fileEncoding = 4; lastKnownFileType = sourcecode.c.c; name = caltime_tai.c; path = ../../../src/libtai/caltime_tai.c; sourceTree = "<group>"; };
		BDEDBAC120F806D2009994D2 /* caltime_fmt.c */ = {isa = PBXFileReference; fileEncoding = 4; lastKnownFileType = sourcecode.c.c; name = caltime_fmt.c; path = ../../../src/libtai/caltime_fmt.c; sourceTree = "<group>"; };
		BDEDBAC220F806D2009994D2 /* taia_half.c */ = {isa = PBXFileReference; fileEncoding = 4; lastKnownFileType = sourcecode.c.c; name = taia_half.c; path = ../../../src/libtai/taia_half.c; sourceTree = "<group>"; };
		BDEDBAC320F806D2009994D2 /* leapsecs_read.c */ = {isa = PBXFileReference; fileEncoding = 4; lastKnownFileType = sourcecode.c.c; name = leapsecs_read.c; path = ../../../src/libtai/leapsecs_read.c; sourceTree = "<group>"; };
		BDEDBAC420F806D3009994D2 /* tai_add.c */ = {isa = PBXFileReference; fileEncoding = 4; lastKnownFileType = sourcecode.c.c; name = tai_add.c; path = ../../../src/libtai/tai_add.c; sourceTree = "<group>"; };
		BDEDBAE320F8075A009994D2 /* pl-cstack.h */ = {isa = PBXFileReference; fileEncoding = 4; lastKnownFileType = sourcecode.c.h; name = "pl-cstack.h"; path = "../../../src/os/pl-cstack.h"; sourceTree = "<group>"; };
		BDEDBAE420F8075A009994D2 /* pl-table.c */ = {isa = PBXFileReference; fileEncoding = 4; lastKnownFileType = sourcecode.c.c; name = "pl-table.c"; path = "../../../src/os/pl-table.c"; sourceTree = "<group>"; };
		BDEDBAE520F8075A009994D2 /* pl-dtoa.c */ = {isa = PBXFileReference; fileEncoding = 4; lastKnownFileType = sourcecode.c.c; name = "pl-dtoa.c"; path = "../../../src/os/pl-dtoa.c"; sourceTree = "<group>"; };
		BDEDBAE620F8075A009994D2 /* pl-fmt.c */ = {isa = PBXFileReference; fileEncoding = 4; lastKnownFileType = sourcecode.c.c; name = "pl-fmt.c"; path = "../../../src/os/pl-fmt.c"; sourceTree = "<group>"; };
		BDEDBAE720F8075A009994D2 /* pl-table.h */ = {isa = PBXFileReference; fileEncoding = 4; lastKnownFileType = sourcecode.c.h; name = "pl-table.h"; path = "../../../src/os/pl-table.h"; sourceTree = "<group>"; };
		BDEDBAE820F8075A009994D2 /* pl-option.c */ = {isa = PBXFileReference; fileEncoding = 4; lastKnownFileType = sourcecode.c.c; name = "pl-option.c"; path = "../../../src/os/pl-option.c"; sourceTree = "<group>"; };
		BDEDBAE920F8075A009994D2 /* pl-string.h */ = {isa = PBXFileReference; fileEncoding = 4; lastKnownFileType = sourcecode.c.h; name = "pl-string.h"; path = "../../../src/os/pl-string.h"; sourceTree = "<group>"; };
		BDEDBAEA20F8075A009994D2 /* pl-file.c */ = {isa = PBXFileReference; fileEncoding = 4; lastKnownFileType = sourcecode.c.c; name = "pl-file.c"; path = "../../../src/os/pl-file.c"; sourceTree = "<group>"; };
		BDEDBAEB20F8075A009994D2 /* pl-dtoa.h */ = {isa = PBXFileReference; fileEncoding = 4; lastKnownFileType = sourcecode.c.h; name = "pl-dtoa.h"; path = "../../../src/os/pl-dtoa.h"; sourceTree = "<group>"; };
		BDEDBAEC20F8075A009994D2 /* pl-string.c */ = {isa = PBXFileReference; fileEncoding = 4; lastKnownFileType = sourcecode.c.c; name = "pl-string.c"; path = "../../../src/os/pl-string.c"; sourceTree = "<group>"; };
		BDEDBAED20F8075A009994D2 /* pl-files.c */ = {isa = PBXFileReference; fileEncoding = 4; lastKnownFileType = sourcecode.c.c; name = "pl-files.c"; path = "../../../src/os/pl-files.c"; sourceTree = "<group>"; };
		BDEDBAEE20F8075A009994D2 /* pl-locale.h */ = {isa = PBXFileReference; fileEncoding = 4; lastKnownFileType = sourcecode.c.h; name = "pl-locale.h"; path = "../../../src/os/pl-locale.h"; sourceTree = "<group>"; };
		BDEDBAEF20F8075B009994D2 /* pl-utf8.c */ = {isa = PBXFileReference; fileEncoding = 4; lastKnownFileType = sourcecode.c.c; name = "pl-utf8.c"; path = "../../../src/os/pl-utf8.c"; sourceTree = "<group>"; };
		BDEDBAF020F8075B009994D2 /* pl-text.h */ = {isa = PBXFileReference; fileEncoding = 4; lastKnownFileType = sourcecode.c.h; name = "pl-text.h"; path = "../../../src/os/pl-text.h"; sourceTree = "<group>"; };
		BDEDBAF120F8075B009994D2 /* pl-file.h */ = {isa = PBXFileReference; fileEncoding = 4; lastKnownFileType = sourcecode.c.h; name = "pl-file.h"; path = "../../../src/os/pl-file.h"; sourceTree = "<group>"; };
		BDEDBAF220F8075B009994D2 /* pl-text.c */ = {isa = PBXFileReference; fileEncoding = 4; lastKnownFileType = sourcecode.c.c; name = "pl-text.c"; path = "../../../src/os/pl-text.c"; sourceTree = "<group>"; };
		BDEDBAF320F8075B009994D2 /* pl-codelist.c */ = {isa = PBXFileReference; fileEncoding = 4; lastKnownFileType = sourcecode.c.c; name = "pl-codelist.c"; path = "../../../src/os/pl-codelist.c"; sourceTree = "<group>"; };
		BDEDBAF420F8075B009994D2 /* pl-cstack.c */ = {isa = PBXFileReference; fileEncoding = 4; lastKnownFileType = sourcecode.c.c; name = "pl-cstack.c"; path = "../../../src/os/pl-cstack.c"; sourceTree = "<group>"; };
		BDEDBAF520F8075B009994D2 /* pl-ctype.h */ = {isa = PBXFileReference; fileEncoding = 4; lastKnownFileType = sourcecode.c.h; name = "pl-ctype.h"; path = "../../../src/os/pl-ctype.h"; sourceTree = "<group>"; };
		BDEDBAF620F8075B009994D2 /* pl-utf8.h */ = {isa = PBXFileReference; fileEncoding = 4; lastKnownFileType = sourcecode.c.h; name = "pl-utf8.h"; path = "../../../src/os/pl-utf8.h"; sourceTree = "<group>"; };
		BDEDBAF720F8075B009994D2 /* pl-buffer.h */ = {isa = PBXFileReference; fileEncoding = 4; lastKnownFileType = sourcecode.c.h; name = "pl-buffer.h"; path = "../../../src/os/pl-buffer.h"; sourceTree = "<group>"; };
		BDEDBAF820F8075C009994D2 /* pl-files.h */ = {isa = PBXFileReference; fileEncoding = 4; lastKnownFileType = sourcecode.c.h; name = "pl-files.h"; path = "../../../src/os/pl-files.h"; sourceTree = "<group>"; };
		BDEDBAF920F8075C009994D2 /* pl-os.h */ = {isa = PBXFileReference; fileEncoding = 4; lastKnownFileType = sourcecode.c.h; name = "pl-os.h"; path = "../../../src/os/pl-os.h"; sourceTree = "<group>"; };
		BDEDBAFA20F8075C009994D2 /* pl-ctype.c */ = {isa = PBXFileReference; fileEncoding = 4; lastKnownFileType = sourcecode.c.c; name = "pl-ctype.c"; path = "../../../src/os/pl-ctype.c"; sourceTree = "<group>"; };
		BDEDBAFB20F8075C009994D2 /* SWI-Stream.h */ = {isa = PBXFileReference; fileEncoding = 4; lastKnownFileType = sourcecode.c.h; name = "SWI-Stream.h"; path = "../../../src/os/SWI-Stream.h"; sourceTree = "<group>"; };
		BDEDBAFC20F8075C009994D2 /* pl-buffer.c */ = {isa = PBXFileReference; fileEncoding = 4; lastKnownFileType = sourcecode.c.c; name = "pl-buffer.c"; path = "../../../src/os/pl-buffer.c"; sourceTree = "<group>"; };
		BDEDBAFD20F8075C009994D2 /* pl-prologflag.c */ = {isa = PBXFileReference; fileEncoding = 4; lastKnownFileType = sourcecode.c.c; name = "pl-prologflag.c"; path = "../../../src/os/pl-prologflag.c"; sourceTree = "<group>"; };
		BDEDBAFE20F8075C009994D2 /* pl-os.c */ = {isa = PBXFileReference; fileEncoding = 4; lastKnownFileType = sourcecode.c.c; name = "pl-os.c"; path = "../../../src/os/pl-os.c"; sourceTree = "<group>"; };
		BDEDBAFF20F8075C009994D2 /* pl-tai.c */ = {isa = PBXFileReference; fileEncoding = 4; lastKnownFileType = sourcecode.c.c; name = "pl-tai.c"; path = "../../../src/os/pl-tai.c"; sourceTree = "<group>"; };
		BDEDBB0020F8075C009994D2 /* pl-stream.c */ = {isa = PBXFileReference; fileEncoding = 4; lastKnownFileType = sourcecode.c.c; name = "pl-stream.c"; path = "../../../src/os/pl-stream.c"; sourceTree = "<group>"; };
		BDEDBB0120F8075C009994D2 /* pl-stream.h */ = {isa = PBXFileReference; fileEncoding = 4; lastKnownFileType = sourcecode.c.h; name = "pl-stream.h"; path = "../../../src/os/pl-stream.h"; sourceTree = "<group>"; };
		BDEDBB0220F8075D009994D2 /* pl-glob.c */ = {isa = PBXFileReference; fileEncoding = 4; lastKnownFileType = sourcecode.c.c; name = "pl-glob.c"; path = "../../../src/os/pl-glob.c"; sourceTree = "<group>"; };
		BDEDBB0320F8075D009994D2 /* pl-locale.c */ = {isa = PBXFileReference; fileEncoding = 4; lastKnownFileType = sourcecode.c.c; name = "pl-locale.c"; path = "../../../src/os/pl-locale.c"; sourceTree = "<group>"; };
		BDEDBB0420F8075D009994D2 /* pl-option.h */ = {isa = PBXFileReference; fileEncoding = 4; lastKnownFileType = sourcecode.c.h; name = "pl-option.h"; path = "../../../src/os/pl-option.h"; sourceTree = "<group>"; };
		BDEDBB1820F8088B009994D2 /* pl-gc.c */ = {isa = PBXFileReference; fileEncoding = 4; lastKnownFileType = sourcecode.c.c; name = "pl-gc.c"; path = "../../src/pl-gc.c"; sourceTree = "<group>"; };
		BDEDBB1920F8088B009994D2 /* pl-gmp.h */ = {isa = PBXFileReference; fileEncoding = 4; lastKnownFileType = sourcecode.c.h; name = "pl-gmp.h"; path = "../../src/pl-gmp.h"; sourceTree = "<group>"; };
		BDEDBB1A20F8088B009994D2 /* pl-dict.h */ = {isa = PBXFileReference; fileEncoding = 4; lastKnownFileType = sourcecode.c.h; name = "pl-dict.h"; path = "../../src/pl-dict.h"; sourceTree = "<group>"; };
		BDEDBB1B20F8088C009994D2 /* pl-op.c */ = {isa = PBXFileReference; fileEncoding = 4; lastKnownFileType = sourcecode.c.c; name = "pl-op.c"; path = "../../src/pl-op.c"; sourceTree = "<group>"; };
		BDEDBB1C20F8088C009994D2 /* pl-ressymbol.h */ = {isa = PBXFileReference; fileEncoding = 4; lastKnownFileType = sourcecode.c.h; name = "pl-ressymbol.h"; path = "../../src/pl-ressymbol.h"; sourceTree = "<group>"; };
		BDEDBB1D20F8088C009994D2 /* pl-error.c */ = {isa = PBXFileReference; fileEncoding = 4; lastKnownFileType = sourcecode.c.c; name = "pl-error.c"; path = "../../src/pl-error.c"; sourceTree = "<group>"; };
		BDEDBB1E20F8088C009994D2 /* pl-dict.c */ = {isa = PBXFileReference; fileEncoding = 4; lastKnownFileType = sourcecode.c.c; name = "pl-dict.c"; path = "../../src/pl-dict.c"; sourceTree = "<group>"; };
		BDEDBB1F20F8088C009994D2 /* pl-privitf.c */ = {isa = PBXFileReference; fileEncoding = 4; lastKnownFileType = sourcecode.c.c; name = "pl-privitf.c"; path = "../../src/pl-privitf.c"; sourceTree = "<group>"; };
		BDEDBB2020F8088C009994D2 /* pl-copyterm.h */ = {isa = PBXFileReference; fileEncoding = 4; lastKnownFileType = sourcecode.c.h; name = "pl-copyterm.h"; path = "../../src/pl-copyterm.h"; sourceTree = "<group>"; };
		BDEDBB2120F8088C009994D2 /* pl-atom.ic */ = {isa = PBXFileReference; fileEncoding = 4; lastKnownFileType = text; name = "pl-atom.ic"; path = "../../src/pl-atom.ic"; sourceTree = "<group>"; };
		BDEDBB2220F8088D009994D2 /* pl-gmp.c */ = {isa = PBXFileReference; fileEncoding = 4; lastKnownFileType = sourcecode.c.c; name = "pl-gmp.c"; path = "../../src/pl-gmp.c"; sourceTree = "<group>"; };
		BDEDBB2320F8088D009994D2 /* pl-segstack.c */ = {isa = PBXFileReference; fileEncoding = 4; lastKnownFileType = sourcecode.c.c; name = "pl-segstack.c"; path = "../../src/pl-segstack.c"; sourceTree = "<group>"; };
		BDEDBB2420F8088D009994D2 /* pl-zip.c */ = {isa = PBXFileReference; fileEncoding = 4; lastKnownFileType = sourcecode.c.c; name = "pl-zip.c"; path = "../../src/pl-zip.c"; sourceTree = "<group>"; };
		BDEDBB2520F8088D009994D2 /* pl-segstack.h */ = {isa = PBXFileReference; fileEncoding = 4; lastKnownFileType = sourcecode.c.h; name = "pl-segstack.h"; path = "../../src/pl-segstack.h"; sourceTree = "<group>"; };
		BDEDBB2620F8088D009994D2 /* pl-tabling.h */ = {isa = PBXFileReference; fileEncoding = 4; lastKnownFileType = sourcecode.c.h; name = "pl-tabling.h"; path = "../../src/pl-tabling.h"; sourceTree = "<group>"; };
		BDEDBB2720F8088D009994D2 /* pl-prof.c */ = {isa = PBXFileReference; fileEncoding = 4; lastKnownFileType = sourcecode.c.c; name = "pl-prof.c"; path = "../../src/pl-prof.c"; sourceTree = "<group>"; };
		BDEDBB2820F8088E009994D2 /* pl-hash.c */ = {isa = PBXFileReference; fileEncoding = 4; lastKnownFileType = sourcecode.c.c; name = "pl-hash.c"; path = "../../src/pl-hash.c"; sourceTree = "<group>"; };
		BDEDBB2920F8088E009994D2 /* pl-trace.c */ = {isa = PBXFileReference; fileEncoding = 4; lastKnownFileType = sourcecode.c.c; name = "pl-trace.c"; path = "../../src/pl-trace.c"; sourceTree = "<group>"; };
		BDEDBB2A20F8088E009994D2 /* parms.h */ = {isa = PBXFileReference; fileEncoding = 4; lastKnownFileType = sourcecode.c.h; name = parms.h; path = ../../src/parms.h; sourceTree = "<group>"; };
		BDEDBB2B20F8088E009994D2 /* pl-mutex.h */ = {isa = PBXFileReference; fileEncoding = 4; lastKnownFileType = sourcecode.c.h; name = "pl-mutex.h"; path = "../../src/pl-mutex.h"; sourceTree = "<group>"; };
		BDEDBB2C20F8088E009994D2 /* pl-supervisor.c */ = {isa = PBXFileReference; fileEncoding = 4; lastKnownFileType = sourcecode.c.c; name = "pl-supervisor.c"; path = "../../src/pl-supervisor.c"; sourceTree = "<group>"; };
		BDEDBB2E20F8088E009994D2 /* pl-list.c */ = {isa = PBXFileReference; fileEncoding = 4; lastKnownFileType = sourcecode.c.c; name = "pl-list.c"; path = "../../src/pl-list.c"; sourceTree = "<group>"; };
		BDEDBB2F20F8088F009994D2 /* pl-indirect.c */ = {isa = PBXFileReference; fileEncoding = 4; lastKnownFileType = sourcecode.c.c; name = "pl-indirect.c"; path = "../../src/pl-indirect.c"; sourceTree = "<group>"; };
		BDEDBB3020F8088F009994D2 /* pl-sys.c */ = {isa = PBXFileReference; fileEncoding = 4; lastKnownFileType = sourcecode.c.c; name = "pl-sys.c"; path = "../../src/pl-sys.c"; sourceTree = "<group>"; };
		BDEDBB3120F8088F009994D2 /* pl-error.h */ = {isa = PBXFileReference; fileEncoding = 4; lastKnownFileType = sourcecode.c.h; name = "pl-error.h"; path = "../../src/pl-error.h"; sourceTree = "<group>"; };
		BDEDBB3220F8088F009994D2 /* pl-string.c */ = {isa = PBXFileReference; fileEncoding = 4; lastKnownFileType = sourcecode.c.c; name = "pl-string.c"; path = "../../src/pl-string.c"; sourceTree = "<group>"; };
		BDEDBB3320F8088F009994D2 /* pl-inline.h */ = {isa = PBXFileReference; fileEncoding = 4; lastKnownFileType = sourcecode.c.h; name = "pl-inline.h"; path = "../../src/pl-inline.h"; sourceTree = "<group>"; };
		BDEDBB3420F8088F009994D2 /* pl-copyterm.c */ = {isa = PBXFileReference; fileEncoding = 4; lastKnownFileType = sourcecode.c.c; name = "pl-copyterm.c"; path = "../../src/pl-copyterm.c"; sourceTree = "<group>"; };
		BDEDBB3520F80890009994D2 /* pl-hash.h */ = {isa = PBXFileReference; fileEncoding = 4; lastKnownFileType = sourcecode.c.h; name = "pl-hash.h"; path = "../../src/pl-hash.h"; sourceTree = "<group>"; };
		BDEDBB3620F80890009994D2 /* pl-term.c */ = {isa = PBXFileReference; fileEncoding = 4; lastKnownFileType = sourcecode.c.c; name = "pl-term.c"; path = "../../src/pl-term.c"; sourceTree = "<group>"; };
		BDEDBB3720F80890009994D2 /* pl-xterm.c */ = {isa = PBXFileReference; fileEncoding = 4; lastKnownFileType = sourcecode.c.c; name = "pl-xterm.c"; path = "../../src/pl-xterm.c"; sourceTree = "<group>"; };
		BDEDBB3820F80890009994D2 /* pl-tabling.c */ = {isa = PBXFileReference; fileEncoding = 4; lastKnownFileType = sourcecode.c.c; name = "pl-tabling.c"; path = "../../src/pl-tabling.c"; sourceTree = "<group>"; };
		BDEDBB3920F80890009994D2 /* pl-dbref.c */ = {isa = PBXFileReference; fileEncoding = 4; lastKnownFileType = sourcecode.c.c; name = "pl-dbref.c"; path = "../../src/pl-dbref.c"; sourceTree = "<group>"; };
		BDEDBB3A20F80890009994D2 /* pl-attvar.c */ = {isa = PBXFileReference; fileEncoding = 4; lastKnownFileType = sourcecode.c.c; name = "pl-attvar.c"; path = "../../src/pl-attvar.c"; sourceTree = "<group>"; };
		BDEDBB3B20F80891009994D2 /* pl-vmi.h */ = {isa = PBXFileReference; fileEncoding = 4; lastKnownFileType = sourcecode.c.h; name = "pl-vmi.h"; path = "../../src/pl-vmi.h"; sourceTree = "<group>"; };
		BDEDBB3C20F80891009994D2 /* pl-funct.c */ = {isa = PBXFileReference; fileEncoding = 4; lastKnownFileType = sourcecode.c.c; name = "pl-funct.c"; path = "../../src/pl-funct.c"; sourceTree = "<group>"; };
		BDEDBB3D20F80891009994D2 /* pl-trie.h */ = {isa = PBXFileReference; fileEncoding = 4; lastKnownFileType = sourcecode.c.h; name = "pl-trie.h"; path = "../../src/pl-trie.h"; sourceTree = "<group>"; };
		BDEDBB3E20F80891009994D2 /* pl-ldpass.h */ = {isa = PBXFileReference; fileEncoding = 4; lastKnownFileType = sourcecode.c.h; name = "pl-ldpass.h"; path = "../../src/pl-ldpass.h"; sourceTree = "<group>"; };
		BDEDBB3F20F80891009994D2 /* pl-wic.c */ = {isa = PBXFileReference; fileEncoding = 4; lastKnownFileType = sourcecode.c.c; name = "pl-wic.c"; path = "../../src/pl-wic.c"; sourceTree = "<group>"; };
		BDEDBB4020F80891009994D2 /* pl-jumptable.ic */ = {isa = PBXFileReference; fileEncoding = 4; lastKnownFileType = text; name = "pl-jumptable.ic"; path = "../../src/pl-jumptable.ic"; sourceTree = "<group>"; };
		BDEDBB4120F80891009994D2 /* pl-version.c */ = {isa = PBXFileReference; fileEncoding = 4; lastKnownFileType = sourcecode.c.c; name = "pl-version.c"; path = "../../src/pl-version.c"; sourceTree = "<group>"; };
		BDEDBB4220F80892009994D2 /* pl-btree.c */ = {isa = PBXFileReference; fileEncoding = 4; lastKnownFileType = sourcecode.c.c; name = "pl-btree.c"; path = "../../src/pl-btree.c"; sourceTree = "<group>"; };
		BDEDBB4320F80892009994D2 /* pl-mutex.c */ = {isa = PBXFileReference; fileEncoding = 4; lastKnownFileType = sourcecode.c.c; name = "pl-mutex.c"; path = "../../src/pl-mutex.c"; sourceTree = "<group>"; };
		BDEDBB4420F80892009994D2 /* pl-alloc.h */ = {isa = PBXFileReference; fileEncoding = 4; lastKnownFileType = sourcecode.c.h; name = "pl-alloc.h"; path = "../../src/pl-alloc.h"; sourceTree = "<group>"; };
		BDEDBB4520F80892009994D2 /* pl-codetable.c */ = {isa = PBXFileReference; fileEncoding = 4; lastKnownFileType = sourcecode.c.c; name = "pl-codetable.c"; path = "../../src/pl-codetable.c"; sourceTree = "<group>"; };
		BDEDBB4620F80892009994D2 /* pl-rec.c */ = {isa = PBXFileReference; fileEncoding = 4; lastKnownFileType = sourcecode.c.c; name = "pl-rec.c"; path = "../../src/pl-rec.c"; sourceTree = "<group>"; };
		BDEDBB4720F80892009994D2 /* pl-rsort.h */ = {isa = PBXFileReference; fileEncoding = 4; lastKnownFileType = sourcecode.c.h; name = "pl-rsort.h"; path = "../../src/pl-rsort.h"; sourceTree = "<group>"; };
		BDEDBB4820F80892009994D2 /* pl-flag.c */ = {isa = PBXFileReference; fileEncoding = 4; lastKnownFileType = sourcecode.c.c; name = "pl-flag.c"; path = "../../src/pl-flag.c"; sourceTree = "<group>"; };
		BDEDBB4920F80892009994D2 /* pl-dbref.h */ = {isa = PBXFileReference; fileEncoding = 4; lastKnownFileType = sourcecode.c.h; name = "pl-dbref.h"; path = "../../src/pl-dbref.h"; sourceTree = "<group>"; };
		BDEDBB4A20F80893009994D2 /* pl-proc.c */ = {isa = PBXFileReference; fileEncoding = 4; lastKnownFileType = sourcecode.c.c; name = "pl-proc.c"; path = "../../src/pl-proc.c"; sourceTree = "<group>"; };
		BDEDBB4B20F80893009994D2 /* pl-assert.c */ = {isa = PBXFileReference; fileEncoding = 4; lastKnownFileType = sourcecode.c.c; name = "pl-assert.c"; path = "../../src/pl-assert.c"; sourceTree = "<group>"; };
		BDEDBB4C20F80893009994D2 /* pl-funct.ic */ = {isa = PBXFileReference; fileEncoding = 4; lastKnownFileType = text; name = "pl-funct.ic"; path = "../../src/pl-funct.ic"; sourceTree = "<group>"; };
		BDEDBB4D20F80893009994D2 /* pl-global.h */ = {isa = PBXFileReference; fileEncoding = 4; lastKnownFileType = sourcecode.c.h; name = "pl-global.h"; path = "../../src/pl-global.h"; sourceTree = "<group>"; };
		BDEDBB4E20F80893009994D2 /* pl-gvar.c */ = {isa = PBXFileReference; fileEncoding = 4; lastKnownFileType = sourcecode.c.c; name = "pl-gvar.c"; path = "../../src/pl-gvar.c"; sourceTree = "<group>"; };
		BDEDBB4F20F80893009994D2 /* pl-init.h */ = {isa = PBXFileReference; fileEncoding = 4; lastKnownFileType = sourcecode.c.h; name = "pl-init.h"; path = "../../src/pl-init.h"; sourceTree = "<group>"; };
		BDEDBB5020F80894009994D2 /* pl-codelist.h */ = {isa = PBXFileReference; fileEncoding = 4; lastKnownFileType = sourcecode.c.h; name = "pl-codelist.h"; path = "../../src/pl-codelist.h"; sourceTree = "<group>"; };
		BDEDBB5120F80894009994D2 /* pl-arith.c */ = {isa = PBXFileReference; fileEncoding = 4; lastKnownFileType = sourcecode.c.c; name = "pl-arith.c"; path = "../../src/pl-arith.c"; sourceTree = "<group>"; };
		BDEDBB5220F80894009994D2 /* pl-pro.c */ = {isa = PBXFileReference; fileEncoding = 4; lastKnownFileType = sourcecode.c.c; name = "pl-pro.c"; path = "../../src/pl-pro.c"; sourceTree = "<group>"; };
		BDEDBB5320F80894009994D2 /* pl-dde.c */ = {isa = PBXFileReference; fileEncoding = 4; lastKnownFileType = sourcecode.c.c; name = "pl-dde.c"; path = "../../src/pl-dde.c"; sourceTree = "<group>"; };
		BDEDBB5420F80894009994D2 /* pl-rsort.c */ = {isa = PBXFileReference; fileEncoding = 4; lastKnownFileType = sourcecode.c.c; name = "pl-rsort.c"; path = "../../src/pl-rsort.c"; sourceTree = "<group>"; };
		BDEDBB5520F80894009994D2 /* pl-srcfile.c */ = {isa = PBXFileReference; fileEncoding = 4; lastKnownFileType = sourcecode.c.c; name = "pl-srcfile.c"; path = "../../src/pl-srcfile.c"; sourceTree = "<group>"; };
		BDEDBB5620F80894009994D2 /* pl-builtin.h */ = {isa = PBXFileReference; fileEncoding = 4; lastKnownFileType = sourcecode.c.h; name = "pl-builtin.h"; path = "../../src/pl-builtin.h"; sourceTree = "<group>"; };
		BDEDBB5720F80894009994D2 /* pl-umap.c */ = {isa = PBXFileReference; fileEncoding = 4; lastKnownFileType = sourcecode.c.c; name = "pl-umap.c"; path = "../../src/pl-umap.c"; sourceTree = "<group>"; };
		BDEDBB5820F80894009994D2 /* pl-privitf.h */ = {isa = PBXFileReference; fileEncoding = 4; lastKnownFileType = sourcecode.c.h; name = "pl-privitf.h"; path = "../../src/pl-privitf.h"; sourceTree = "<group>"; };
		BDEDBB5920F80895009994D2 /* pl-cont.c */ = {isa = PBXFileReference; fileEncoding = 4; lastKnownFileType = sourcecode.c.c; name = "pl-cont.c"; path = "../../src/pl-cont.c"; sourceTree = "<group>"; };
		BDEDBB5A20F80895009994D2 /* pl-debug.h */ = {isa = PBXFileReference; fileEncoding = 4; lastKnownFileType = sourcecode.c.h; name = "pl-debug.h"; path = "../../src/pl-debug.h"; sourceTree = "<group>"; };
		BDEDBB5B20F80895009994D2 /* pl-load.c */ = {isa = PBXFileReference; fileEncoding = 4; lastKnownFileType = sourcecode.c.c; name = "pl-load.c"; path = "../../src/pl-load.c"; sourceTree = "<group>"; };
		BDEDBB5C20F80895009994D2 /* pl-thread.c */ = {isa = PBXFileReference; fileEncoding = 4; lastKnownFileType = sourcecode.c.c; name = "pl-thread.c"; path = "../../src/pl-thread.c"; sourceTree = "<group>"; };
		BDEDBB5D20F80895009994D2 /* pl-variant.c */ = {isa = PBXFileReference; fileEncoding = 4; lastKnownFileType = sourcecode.c.c; name = "pl-variant.c"; path = "../../src/pl-variant.c"; sourceTree = "<group>"; };
		BDEDBB5E20F80895009994D2 /* pl-zip.h */ = {isa = PBXFileReference; fileEncoding = 4; lastKnownFileType = sourcecode.c.h; name = "pl-zip.h"; path = "../../src/pl-zip.h"; sourceTree = "<group>"; };
		BDEDBB5F20F80895009994D2 /* pl-bag.c */ = {isa = PBXFileReference; fileEncoding = 4; lastKnownFileType = sourcecode.c.c; name = "pl-bag.c"; path = "../../src/pl-bag.c"; sourceTree = "<group>"; };
		BDEDBB6020F80895009994D2 /* pl-dwim.c */ = {isa = PBXFileReference; fileEncoding = 4; lastKnownFileType = sourcecode.c.c; name = "pl-dwim.c"; path = "../../src/pl-dwim.c"; sourceTree = "<group>"; };
		BDEDBB6120F80895009994D2 /* pl-indirect.h */ = {isa = PBXFileReference; fileEncoding = 4; lastKnownFileType = sourcecode.c.h; name = "pl-indirect.h"; path = "../../src/pl-indirect.h"; sourceTree = "<group>"; };
		BDEDBB6220F80896009994D2 /* pl-util.c */ = {isa = PBXFileReference; fileEncoding = 4; lastKnownFileType = sourcecode.c.c; name = "pl-util.c"; path = "../../src/pl-util.c"; sourceTree = "<group>"; };
		BDEDBB6320F80896009994D2 /* pl-prims.c */ = {isa = PBXFileReference; fileEncoding = 4; lastKnownFileType = sourcecode.c.c; name = "pl-prims.c"; path = "../../src/pl-prims.c"; sourceTree = "<group>"; };
		BDEDBB6520F80896009994D2 /* pl-write.c */ = {isa = PBXFileReference; fileEncoding = 4; lastKnownFileType = sourcecode.c.c; name = "pl-write.c"; path = "../../src/pl-write.c"; sourceTree = "<group>"; };
		BDEDBB6620F80896009994D2 /* pl-atom.ih */ = {isa = PBXFileReference; fileEncoding = 4; lastKnownFileType = text; name = "pl-atom.ih"; path = "../../src/pl-atom.ih"; sourceTree = "<group>"; };
		BDEDBB6720F80896009994D2 /* pl-data.h */ = {isa = PBXFileReference; fileEncoding = 4; lastKnownFileType = sourcecode.c.h; name = "pl-data.h"; path = "../../src/pl-data.h"; sourceTree = "<group>"; };
		BDEDBB6820F80896009994D2 /* pl-comp.c */ = {isa = PBXFileReference; fileEncoding = 4; lastKnownFileType = sourcecode.c.c; name = "pl-comp.c"; path = "../../src/pl-comp.c"; sourceTree = "<group>"; };
		BDEDBB6920F80896009994D2 /* pl-init.c */ = {isa = PBXFileReference; fileEncoding = 4; lastKnownFileType = sourcecode.c.c; name = "pl-init.c"; path = "../../src/pl-init.c"; sourceTree = "<group>"; };
		BDEDBB6A20F80897009994D2 /* pl-modul.c */ = {isa = PBXFileReference; fileEncoding = 4; lastKnownFileType = sourcecode.c.c; name = "pl-modul.c"; path = "../../src/pl-modul.c"; sourceTree = "<group>"; };
		BDEDBB6B20F80897009994D2 /* pl-funcs.h */ = {isa = PBXFileReference; fileEncoding = 4; lastKnownFileType = sourcecode.c.h; name = "pl-funcs.h"; path = "../../src/pl-funcs.h"; sourceTree = "<group>"; };
		BDEDBB6C20F80897009994D2 /* pl-read.c */ = {isa = PBXFileReference; fileEncoding = 4; lastKnownFileType = sourcecode.c.c; name = "pl-read.c"; path = "../../src/pl-read.c"; sourceTree = "<group>"; };
		BDEDBB6D20F80897009994D2 /* pl-wam.c */ = {isa = PBXFileReference; fileEncoding = 4; lastKnownFileType = sourcecode.c.c; name = "pl-wam.c"; path = "../../src/pl-wam.c"; sourceTree = "<group>"; };
		BDEDBB6E20F80897009994D2 /* pl-atom.c */ = {isa = PBXFileReference; fileEncoding = 4; lastKnownFileType = sourcecode.c.c; name = "pl-atom.c"; path = "../../src/pl-atom.c"; sourceTree = "<group>"; };
		BDEDBB6F20F80897009994D2 /* pl-debug.c */ = {isa = PBXFileReference; fileEncoding = 4; lastKnownFileType = sourcecode.c.c; name = "pl-debug.c"; path = "../../src/pl-debug.c"; sourceTree = "<group>"; };
		BDEDBB7020F80897009994D2 /* pl-ext.c */ = {isa = PBXFileReference; fileEncoding = 4; lastKnownFileType = sourcecode.c.c; name = "pl-ext.c"; path = "../../src/pl-ext.c"; sourceTree = "<group>"; };
		BDEDBB7120F80897009994D2 /* pl-incl.h */ = {isa = PBXFileReference; fileEncoding = 4; lastKnownFileType = sourcecode.c.h; name = "pl-incl.h"; path = "../../src/pl-incl.h"; sourceTree = "<group>"; };
		BDEDBB7220F80898009994D2 /* pl-prof.h */ = {isa = PBXFileReference; fileEncoding = 4; lastKnownFileType = sourcecode.c.h; name = "pl-prof.h"; path = "../../src/pl-prof.h"; sourceTree = "<group>"; };
		BDEDBB7320F80898009994D2 /* pl-ressymbol.c */ = {isa = PBXFileReference; fileEncoding = 4; lastKnownFileType = sourcecode.c.c; name = "pl-ressymbol.c"; path = "../../src/pl-ressymbol.c"; sourceTree = "<group>"; };
		BDEDBB7420F80898009994D2 /* pl-setup.c */ = {isa = PBXFileReference; fileEncoding = 4; lastKnownFileType = sourcecode.c.c; name = "pl-setup.c"; path = "../../src/pl-setup.c"; sourceTree = "<group>"; };
		BDEDBB7520F80898009994D2 /* pl-funct.ih */ = {isa = PBXFileReference; fileEncoding = 4; lastKnownFileType = text; name = "pl-funct.ih"; path = "../../src/pl-funct.ih"; sourceTree = "<group>"; };
		BDEDBB7620F80898009994D2 /* pl-trie.c */ = {isa = PBXFileReference; fileEncoding = 4; lastKnownFileType = sourcecode.c.c; name = "pl-trie.c"; path = "../../src/pl-trie.c"; sourceTree = "<group>"; };
		BDEDBB7720F80898009994D2 /* pl-termhash.c */ = {isa = PBXFileReference; fileEncoding = 4; lastKnownFileType = sourcecode.c.c; name = "pl-termhash.c"; path = "../../src/pl-termhash.c"; sourceTree = "<group>"; };
/* End PBXFileReference section */

/* Begin PBXFrameworksBuildPhase section */
		BD4E7F0E20A0E1B700D3F15B /* Frameworks */ = {
			isa = PBXFrameworksBuildPhase;
			buildActionMask = 2147483647;
			files = (
			);
			runOnlyForDeploymentPostprocessing = 0;
		};
/* End PBXFrameworksBuildPhase section */

/* Begin PBXGroup section */
		BD4E7F0820A0E1B700D3F15B = {
			isa = PBXGroup;
			children = (
				BDEDBA9220F805A7009994D2 /* src */,
				BD4E7F1320A0E1B700D3F15B /* Prolog */,
				BD4E7F1220A0E1B700D3F15B /* Products */,
			);
			sourceTree = "<group>";
		};
		BD4E7F1220A0E1B700D3F15B /* Products */ = {
			isa = PBXGroup;
			children = (
				BD4E7F1120A0E1B700D3F15B /* Prolog.app */,
			);
			name = Products;
			sourceTree = "<group>";
		};
		BD4E7F1320A0E1B700D3F15B /* Prolog */ = {
			isa = PBXGroup;
			children = (
				BD4E808D20A2107800D3F15B /* main.pl */,
				BD4E808B20A209FD00D3F15B /* library */,
				BD4E808920A11A3100D3F15B /* ios-main.m */,
				BD4E808720A102BD00D3F15B /* swipl.prc */,
				BD4E7FDD20A0E39800D3F15B /* config.h */,
				BD4E7F1420A0E1B700D3F15B /* AppDelegate.h */,
				BD4E7F1520A0E1B700D3F15B /* AppDelegate.m */,
				BD4E7F1720A0E1B700D3F15B /* ViewController.h */,
				BD4E7F1820A0E1B700D3F15B /* ViewController.m */,
				BD4E809120A260A300D3F15B /* PrologTextView.h */,
				BD4E809220A260D800D3F15B /* PrologTextView.m */,
				BD4E809420A273E900D3F15B /* PrologInputView.m */,
				BD4E809620A273FA00D3F15B /* PrologInputView.h */,
				BD4E7F1A20A0E1B700D3F15B /* Main.storyboard */,
				BD4E7F1D20A0E1B800D3F15B /* Assets.xcassets */,
				BD4E7F1F20A0E1B800D3F15B /* LaunchScreen.storyboard */,
				BD4E7F2220A0E1B800D3F15B /* Info.plist */,
				BD4E7F2320A0E1B800D3F15B /* main.m */,
			);
			path = Prolog;
			sourceTree = "<group>";
		};
		BDEDBA9220F805A7009994D2 /* src */ = {
			isa = PBXGroup;
			children = (
				BDEDBB2A20F8088E009994D2 /* parms.h */,
				BDEDBB4420F80892009994D2 /* pl-alloc.h */,
				BDEDBB5120F80894009994D2 /* pl-arith.c */,
				BDEDBB4B20F80893009994D2 /* pl-assert.c */,
				BDEDBB6E20F80897009994D2 /* pl-atom.c */,
				BDEDBB2120F8088C009994D2 /* pl-atom.ic */,
				BDEDBB6620F80896009994D2 /* pl-atom.ih */,
				BDEDBB3A20F80890009994D2 /* pl-attvar.c */,
				BDEDBB5F20F80895009994D2 /* pl-bag.c */,
				BDEDBB4220F80892009994D2 /* pl-btree.c */,
				BDEDBB5620F80894009994D2 /* pl-builtin.h */,
				BDEDBB5020F80894009994D2 /* pl-codelist.h */,
				BDEDBB4520F80892009994D2 /* pl-codetable.c */,
				BDEDBB6820F80896009994D2 /* pl-comp.c */,
				BDEDBB5920F80895009994D2 /* pl-cont.c */,
				BDEDBB3420F8088F009994D2 /* pl-copyterm.c */,
				BDEDBB2020F8088C009994D2 /* pl-copyterm.h */,
				BDEDBB6720F80896009994D2 /* pl-data.h */,
				BDEDBB3920F80890009994D2 /* pl-dbref.c */,
				BDEDBB4920F80892009994D2 /* pl-dbref.h */,
				BDEDBB5320F80894009994D2 /* pl-dde.c */,
				BDEDBB6F20F80897009994D2 /* pl-debug.c */,
				BDEDBB5A20F80895009994D2 /* pl-debug.h */,
				BDEDBB1E20F8088C009994D2 /* pl-dict.c */,
				BDEDBB1A20F8088B009994D2 /* pl-dict.h */,
				BDEDBB6020F80895009994D2 /* pl-dwim.c */,
				BDEDBB1D20F8088C009994D2 /* pl-error.c */,
				BDEDBB3120F8088F009994D2 /* pl-error.h */,
				BDEDBB7020F80897009994D2 /* pl-ext.c */,
				BDEDBB4820F80892009994D2 /* pl-flag.c */,
				BDEDBB6B20F80897009994D2 /* pl-funcs.h */,
				BDEDBB3C20F80891009994D2 /* pl-funct.c */,
				BDEDBB4C20F80893009994D2 /* pl-funct.ic */,
				BDEDBB7520F80898009994D2 /* pl-funct.ih */,
				BDEDBB1820F8088B009994D2 /* pl-gc.c */,
				BDEDBB4D20F80893009994D2 /* pl-global.h */,
				BDEDBB2220F8088D009994D2 /* pl-gmp.c */,
				BDEDBB1920F8088B009994D2 /* pl-gmp.h */,
				BDEDBB4E20F80893009994D2 /* pl-gvar.c */,
				BDEDBB2820F8088E009994D2 /* pl-hash.c */,
				BDEDBB3520F80890009994D2 /* pl-hash.h */,
				BDEDBB7120F80897009994D2 /* pl-incl.h */,
				BDEDBB2F20F8088F009994D2 /* pl-indirect.c */,
				BDEDBB6120F80895009994D2 /* pl-indirect.h */,
				BDEDBB6920F80896009994D2 /* pl-init.c */,
				BDEDBB4F20F80893009994D2 /* pl-init.h */,
				BDEDBB3320F8088F009994D2 /* pl-inline.h */,
				BDEDBB4020F80891009994D2 /* pl-jumptable.ic */,
				BDEDBB3E20F80891009994D2 /* pl-ldpass.h */,
				BDEDBB2E20F8088E009994D2 /* pl-list.c */,
				BDEDBB5B20F80895009994D2 /* pl-load.c */,
				BDEDBB6A20F80897009994D2 /* pl-modul.c */,
				BDEDBB4320F80892009994D2 /* pl-mutex.c */,
				BDEDBB2B20F8088E009994D2 /* pl-mutex.h */,
				BDEDBB1B20F8088C009994D2 /* pl-op.c */,
				BDEDBB6320F80896009994D2 /* pl-prims.c */,
				BDEDBB1F20F8088C009994D2 /* pl-privitf.c */,
				BDEDBB5820F80894009994D2 /* pl-privitf.h */,
				BDEDBB5220F80894009994D2 /* pl-pro.c */,
				BDEDBB4A20F80893009994D2 /* pl-proc.c */,
				BDEDBB2720F8088D009994D2 /* pl-prof.c */,
				BDEDBB7220F80898009994D2 /* pl-prof.h */,
				BDEDBB6C20F80897009994D2 /* pl-read.c */,
				BDEDBB4620F80892009994D2 /* pl-rec.c */,
				BDEDBB7320F80898009994D2 /* pl-ressymbol.c */,
				BDEDBB1C20F8088C009994D2 /* pl-ressymbol.h */,
				BDEDBB5420F80894009994D2 /* pl-rsort.c */,
				BDEDBB4720F80892009994D2 /* pl-rsort.h */,
				BDEDBB2320F8088D009994D2 /* pl-segstack.c */,
				BDEDBB2520F8088D009994D2 /* pl-segstack.h */,
				BDEDBB7420F80898009994D2 /* pl-setup.c */,
				BDEDBB5520F80894009994D2 /* pl-srcfile.c */,
				BDEDBB3220F8088F009994D2 /* pl-string.c */,
				BDEDBB2C20F8088E009994D2 /* pl-supervisor.c */,
				BDEDBB3020F8088F009994D2 /* pl-sys.c */,
				BDEDBB3820F80890009994D2 /* pl-tabling.c */,
				BDEDBB2620F8088D009994D2 /* pl-tabling.h */,
				BDEDBB3620F80890009994D2 /* pl-term.c */,
				BDEDBB7720F80898009994D2 /* pl-termhash.c */,
				BDEDBB5C20F80895009994D2 /* pl-thread.c */,
				BDEDBB2920F8088E009994D2 /* pl-trace.c */,
				BDEDBB7620F80898009994D2 /* pl-trie.c */,
				BDEDBB3D20F80891009994D2 /* pl-trie.h */,
				BDEDBB5720F80894009994D2 /* pl-umap.c */,
				BDEDBB6220F80896009994D2 /* pl-util.c */,
				BDEDBB5D20F80895009994D2 /* pl-variant.c */,
				BDEDBB4120F80891009994D2 /* pl-version.c */,
				BDEDBB3B20F80891009994D2 /* pl-vmi.h */,
				BDEDBB6D20F80897009994D2 /* pl-wam.c */,
				BDEDBB3F20F80891009994D2 /* pl-wic.c */,
				BDEDBB6520F80896009994D2 /* pl-write.c */,
				BDEDBB3720F80890009994D2 /* pl-xterm.c */,
				BDEDBB2420F8088D009994D2 /* pl-zip.c */,
				BDEDBB5E20F80895009994D2 /* pl-zip.h */,
				BDEDBA9520F805D2009994D2 /* os */,
				BDEDBA9420F805C8009994D2 /* libtai */,
				BDEDBA9320F805AE009994D2 /* minizip */,
			);
			path = src;
			sourceTree = "<group>";
		};
		BDEDBA9320F805AE009994D2 /* minizip */ = {
			isa = PBXGroup;
			children = (
				BDEDBA9B20F80630009994D2 /* crypt.h */,
				BDEDBA9D20F80630009994D2 /* ioapi.c */,
				BDEDBA9620F80630009994D2 /* ioapi.h */,
				BDEDBA9820F80630009994D2 /* mztools.c */,
				BDEDBA9C20F80630009994D2 /* mztools.h */,
				BDEDBA9720F80630009994D2 /* unzip.c */,
				BDEDBA9E20F80630009994D2 /* unzip.h */,
				BDEDBA9920F80630009994D2 /* zip.c */,
				BDEDBA9A20F80630009994D2 /* zip.h */,
			);
			path = minizip;
			sourceTree = "<group>";
		};
		BDEDBA9420F805C8009994D2 /* libtai */ = {
			isa = PBXGroup;
			children = (
				BDEDBAAA20F806D0009994D2 /* caldate_fmjd.c */,
				BDEDBABF20F806D2009994D2 /* caldate_fmt.c */,
				BDEDBAB520F806D1009994D2 /* caldate_mjd.c */,
				BDEDBAA620F806D0009994D2 /* caldate_norm.c */,
				BDEDBAB620F806D1009994D2 /* caldate_scan.c */,
				BDEDBABD20F806D2009994D2 /* caldate_ster.c */,
				BDEDBAA320F806D0009994D2 /* caldate.h */,
				BDEDBAC120F806D2009994D2 /* caltime_fmt.c */,
				BDEDBAA820F806D0009994D2 /* caltime_scan.c */,
				BDEDBAC020F806D2009994D2 /* caltime_tai.c */,
				BDEDBAAB20F806D0009994D2 /* caltime_utc.c */,
				BDEDBABE20F806D2009994D2 /* caltime.h */,
				BDEDBAAE20F806D1009994D2 /* leapsecs_add.c */,
				BDEDBAAC20F806D0009994D2 /* leapsecs_init.c */,
				BDEDBAC320F806D2009994D2 /* leapsecs_read.c */,
				BDEDBAB220F806D1009994D2 /* leapsecs_sub.c */,
				BDEDBAC420F806D3009994D2 /* tai_add.c */,
				BDEDBAB720F806D1009994D2 /* tai_now.c */,
				BDEDBAA920F806D0009994D2 /* tai_pack.c */,
				BDEDBAA420F806D0009994D2 /* tai_sub.c */,
				BDEDBABC20F806D2009994D2 /* tai_unpack.c */,
				BDEDBAAF20F806D1009994D2 /* tai.h */,
				BDEDBABA20F806D2009994D2 /* taia_add.c */,
				BDEDBAB820F806D1009994D2 /* taia_approx.c */,
				BDEDBAB420F806D1009994D2 /* taia_fmtfrac.c */,
				BDEDBAA720F806D0009994D2 /* taia_frac.c */,
				BDEDBAC220F806D2009994D2 /* taia_half.c */,
				BDEDBAAD20F806D0009994D2 /* taia_less.c */,
				BDEDBAA520F806D0009994D2 /* taia_now.c */,
				BDEDBAB920F806D1009994D2 /* taia_pack.c */,
				BDEDBAB120F806D1009994D2 /* taia_sub.c */,
				BDEDBABB20F806D2009994D2 /* taia_tai.c */,
				BDEDBAB320F806D1009994D2 /* taia_unpack.c */,
				BDEDBAB020F806D1009994D2 /* taia.h */,
			);
			path = libtai;
			sourceTree = "<group>";
		};
		BDEDBA9520F805D2009994D2 /* os */ = {
			isa = PBXGroup;
			children = (
				BDEDBAFC20F8075C009994D2 /* pl-buffer.c */,
				BDEDBAF720F8075B009994D2 /* pl-buffer.h */,
				BDEDBAF320F8075B009994D2 /* pl-codelist.c */,
				BDEDBAF420F8075B009994D2 /* pl-cstack.c */,
				BDEDBAE320F8075A009994D2 /* pl-cstack.h */,
				BDEDBAFA20F8075C009994D2 /* pl-ctype.c */,
				BDEDBAF520F8075B009994D2 /* pl-ctype.h */,
				BDEDBAE520F8075A009994D2 /* pl-dtoa.c */,
				BDEDBAEB20F8075A009994D2 /* pl-dtoa.h */,
				BDEDBAEA20F8075A009994D2 /* pl-file.c */,
				BDEDBAF120F8075B009994D2 /* pl-file.h */,
				BDEDBAED20F8075A009994D2 /* pl-files.c */,
				BDEDBAF820F8075C009994D2 /* pl-files.h */,
				BDEDBAE620F8075A009994D2 /* pl-fmt.c */,
				BDEDBB0220F8075D009994D2 /* pl-glob.c */,
				BDEDBB0320F8075D009994D2 /* pl-locale.c */,
				BDEDBAEE20F8075A009994D2 /* pl-locale.h */,
				BDEDBAE820F8075A009994D2 /* pl-option.c */,
				BDEDBB0420F8075D009994D2 /* pl-option.h */,
				BDEDBAFE20F8075C009994D2 /* pl-os.c */,
				BDEDBAF920F8075C009994D2 /* pl-os.h */,
				BDEDBAFD20F8075C009994D2 /* pl-prologflag.c */,
				BDEDBB0020F8075C009994D2 /* pl-stream.c */,
				BDEDBB0120F8075C009994D2 /* pl-stream.h */,
				BDEDBAEC20F8075A009994D2 /* pl-string.c */,
				BDEDBAE920F8075A009994D2 /* pl-string.h */,
				BDEDBAE420F8075A009994D2 /* pl-table.c */,
				BDEDBAE720F8075A009994D2 /* pl-table.h */,
				BDEDBAFF20F8075C009994D2 /* pl-tai.c */,
				BDEDBAF220F8075B009994D2 /* pl-text.c */,
				BDEDBAF020F8075B009994D2 /* pl-text.h */,
				BDEDBAEF20F8075B009994D2 /* pl-utf8.c */,
				BDEDBAF620F8075B009994D2 /* pl-utf8.h */,
				BDEDBAFB20F8075C009994D2 /* SWI-Stream.h */,
			);
			path = os;
			sourceTree = "<group>";
		};
/* End PBXGroup section */

/* Begin PBXNativeTarget section */
		BD4E7F1020A0E1B700D3F15B /* Prolog */ = {
			isa = PBXNativeTarget;
			buildConfigurationList = BD4E7F2720A0E1B800D3F15B /* Build configuration list for PBXNativeTarget "Prolog" */;
			buildPhases = (
				BD4E7F0D20A0E1B700D3F15B /* Sources */,
				BD4E7F0E20A0E1B700D3F15B /* Frameworks */,
				BD4E7F0F20A0E1B700D3F15B /* Resources */,
			);
			buildRules = (
			);
			dependencies = (
			);
			name = Prolog;
			productName = Prolog;
			productReference = BD4E7F1120A0E1B700D3F15B /* Prolog.app */;
			productType = "com.apple.product-type.application";
		};
/* End PBXNativeTarget section */

/* Begin PBXProject section */
		BD4E7F0920A0E1B700D3F15B /* Project object */ = {
			isa = PBXProject;
			attributes = {
				LastUpgradeCheck = 0930;
				ORGANIZATIONNAME = "Yoshiki Ohshima";
				TargetAttributes = {
					BD4E7F1020A0E1B700D3F15B = {
						CreatedOnToolsVersion = 9.3;
					};
				};
			};
			buildConfigurationList = BD4E7F0C20A0E1B700D3F15B /* Build configuration list for PBXProject "Prolog" */;
			compatibilityVersion = "Xcode 9.3";
			developmentRegion = en;
			hasScannedForEncodings = 0;
			knownRegions = (
				en,
				Base,
			);
			mainGroup = BD4E7F0820A0E1B700D3F15B;
			productRefGroup = BD4E7F1220A0E1B700D3F15B /* Products */;
			projectDirPath = "";
			projectRoot = "";
			targets = (
				BD4E7F1020A0E1B700D3F15B /* Prolog */,
			);
		};
/* End PBXProject section */

/* Begin PBXResourcesBuildPhase section */
		BD4E7F0F20A0E1B700D3F15B /* Resources */ = {
			isa = PBXResourcesBuildPhase;
			buildActionMask = 2147483647;
			files = (
				BD4E808E20A2107800D3F15B /* main.pl in Resources */,
				BD4E7F2120A0E1B800D3F15B /* LaunchScreen.storyboard in Resources */,
				BD4E808C20A209FD00D3F15B /* library in Resources */,
				BD4E7F1E20A0E1B800D3F15B /* Assets.xcassets in Resources */,
				BD4E7F1C20A0E1B700D3F15B /* Main.storyboard in Resources */,
				BDEDBB9B20F80898009994D2 /* pl-funct.ic in Resources */,
				BDEDBB7D20F80898009994D2 /* pl-atom.ic in Resources */,
				BDEDBB9220F80898009994D2 /* pl-jumptable.ic in Resources */,
				BDEDBBB820F80898009994D2 /* pl-funct.ih in Resources */,
				BD4E808820A102BE00D3F15B /* swipl.prc in Resources */,
				BDEDBBAD20F80898009994D2 /* pl-atom.ih in Resources */,
			);
			runOnlyForDeploymentPostprocessing = 0;
		};
/* End PBXResourcesBuildPhase section */

/* Begin PBXSourcesBuildPhase section */
		BD4E7F0D20A0E1B700D3F15B /* Sources */ = {
			isa = PBXSourcesBuildPhase;
			buildActionMask = 2147483647;
			files = (
				BDEDBAD320F806D3009994D2 /* taia_fmtfrac.c in Sources */,
				BDEDBAE020F806D3009994D2 /* taia_half.c in Sources */,
				BD4E7F1920A0E1B700D3F15B /* ViewController.m in Sources */,
				BDEDBAC920F806D3009994D2 /* caltime_scan.c in Sources */,
				BDEDBB9420F80898009994D2 /* pl-btree.c in Sources */,
				BDEDBB0B20F8075D009994D2 /* pl-files.c in Sources */,
				BDEDBB8720F80898009994D2 /* pl-indirect.c in Sources */,
				BDEDBBA620F80898009994D2 /* pl-variant.c in Sources */,
				BDEDBA9F20F80631009994D2 /* unzip.c in Sources */,
				BDEDBBA420F80898009994D2 /* pl-load.c in Sources */,
				BDEDBB9720F80898009994D2 /* pl-rec.c in Sources */,
				BDEDBB0E20F8075D009994D2 /* pl-codelist.c in Sources */,
				BDEDBAD120F806D3009994D2 /* leapsecs_sub.c in Sources */,
				BDEDBB0820F8075D009994D2 /* pl-option.c in Sources */,
				BDEDBBA520F80898009994D2 /* pl-thread.c in Sources */,
				BDEDBB8E20F80898009994D2 /* pl-dbref.c in Sources */,
				BDEDBACF20F806D3009994D2 /* leapsecs_add.c in Sources */,
				BDEDBBB220F80898009994D2 /* pl-wam.c in Sources */,
				BDEDBBA220F80898009994D2 /* pl-umap.c in Sources */,
				BDEDBBAE20F80898009994D2 /* pl-comp.c in Sources */,
				BDEDBB8820F80898009994D2 /* pl-sys.c in Sources */,
				BDEDBAC520F806D3009994D2 /* tai_sub.c in Sources */,
				BDEDBAE220F806D3009994D2 /* tai_add.c in Sources */,
				BDEDBAD920F806D3009994D2 /* taia_add.c in Sources */,
				BDEDBB1020F8075D009994D2 /* pl-ctype.c in Sources */,
				BDEDBAD620F806D3009994D2 /* tai_now.c in Sources */,
				BDEDBB9D20F80898009994D2 /* pl-arith.c in Sources */,
				BDEDBB7820F80898009994D2 /* pl-gc.c in Sources */,
				BDEDBACC20F806D3009994D2 /* caltime_utc.c in Sources */,
				BDEDBB0F20F8075D009994D2 /* pl-cstack.c in Sources */,
				BDEDBB9820F80898009994D2 /* pl-flag.c in Sources */,
				BDEDBAA020F80631009994D2 /* mztools.c in Sources */,
				BDEDBB0920F8075D009994D2 /* pl-file.c in Sources */,
				BDEDBBB520F80898009994D2 /* pl-ext.c in Sources */,
				BDEDBBBA20F80898009994D2 /* pl-termhash.c in Sources */,
				BDEDBB7A20F80898009994D2 /* pl-error.c in Sources */,
				BDEDBAE120F806D3009994D2 /* leapsecs_read.c in Sources */,
				BDEDBB9320F80898009994D2 /* pl-version.c in Sources */,
				BDEDBBB720F80898009994D2 /* pl-setup.c in Sources */,
				BDEDBB8A20F80898009994D2 /* pl-copyterm.c in Sources */,
				BDEDBB0720F8075D009994D2 /* pl-fmt.c in Sources */,
				BDEDBB7B20F80898009994D2 /* pl-dict.c in Sources */,
				BDEDBAA120F80631009994D2 /* zip.c in Sources */,
				BDEDBAA220F80631009994D2 /* ioapi.c in Sources */,
				BDEDBB8B20F80898009994D2 /* pl-term.c in Sources */,
				BDEDBB8C20F80898009994D2 /* pl-xterm.c in Sources */,
				BDEDBACA20F806D3009994D2 /* tai_pack.c in Sources */,
				BDEDBB9920F80898009994D2 /* pl-proc.c in Sources */,
				BDEDBB0620F8075D009994D2 /* pl-dtoa.c in Sources */,
				BDEDBB7F20F80898009994D2 /* pl-segstack.c in Sources */,
				BDEDBB8320F80898009994D2 /* pl-trace.c in Sources */,
				BDEDBB9C20F80898009994D2 /* pl-gvar.c in Sources */,
				BDEDBB0520F8075D009994D2 /* pl-table.c in Sources */,
				BDEDBB0A20F8075D009994D2 /* pl-string.c in Sources */,
				BDEDBBAA20F80898009994D2 /* pl-prims.c in Sources */,
				BDEDBB8020F80898009994D2 /* pl-zip.c in Sources */,
				BDEDBB1120F8075D009994D2 /* pl-buffer.c in Sources */,
				BDEDBADC20F806D3009994D2 /* caldate_ster.c in Sources */,
				BDEDBB9620F80898009994D2 /* pl-codetable.c in Sources */,
				BD4E7F2420A0E1B800D3F15B /* main.m in Sources */,
				BDEDBB0C20F8075D009994D2 /* pl-utf8.c in Sources */,
				BDEDBB1520F8075D009994D2 /* pl-stream.c in Sources */,
				BDEDBADD20F806D3009994D2 /* caldate_fmt.c in Sources */,
				BDEDBB9A20F80898009994D2 /* pl-assert.c in Sources */,
				BDEDBB1220F8075D009994D2 /* pl-prologflag.c in Sources */,
				BDEDBACD20F806D3009994D2 /* leapsecs_init.c in Sources */,
				BD4E809320A260D800D3F15B /* PrologTextView.m in Sources */,
				BDEDBB0D20F8075D009994D2 /* pl-text.c in Sources */,
				BDEDBB7E20F80898009994D2 /* pl-gmp.c in Sources */,
				BDEDBAD020F806D3009994D2 /* taia_sub.c in Sources */,
				BDEDBBB620F80898009994D2 /* pl-ressymbol.c in Sources */,
				BD4E808A20A11A3100D3F15B /* ios-main.m in Sources */,
				BDEDBB9520F80898009994D2 /* pl-mutex.c in Sources */,
				BDEDBB7C20F80898009994D2 /* pl-privitf.c in Sources */,
				BDEDBB9120F80898009994D2 /* pl-wic.c in Sources */,
				BDEDBACE20F806D3009994D2 /* taia_less.c in Sources */,
				BDEDBB8420F80898009994D2 /* pl-supervisor.c in Sources */,
				BDEDBADE20F806D3009994D2 /* caltime_tai.c in Sources */,
				BDEDBBA920F80898009994D2 /* pl-util.c in Sources */,
				BDEDBB9E20F80898009994D2 /* pl-pro.c in Sources */,
				BDEDBBA120F80898009994D2 /* pl-srcfile.c in Sources */,
				BDEDBB1420F8075D009994D2 /* pl-tai.c in Sources */,
				BDEDBB8F20F80898009994D2 /* pl-attvar.c in Sources */,
				BDEDBAD820F806D3009994D2 /* taia_pack.c in Sources */,
				BDEDBAC720F806D3009994D2 /* caldate_norm.c in Sources */,
				BDEDBADF20F806D3009994D2 /* caltime_fmt.c in Sources */,
				BDEDBBA320F80898009994D2 /* pl-cont.c in Sources */,
				BDEDBB8920F80898009994D2 /* pl-string.c in Sources */,
				BDEDBBAC20F80898009994D2 /* pl-write.c in Sources */,
				BDEDBBB020F80898009994D2 /* pl-modul.c in Sources */,
				BDEDBB8620F80898009994D2 /* pl-list.c in Sources */,
				BDEDBAC620F806D3009994D2 /* taia_now.c in Sources */,
				BDEDBB8220F80898009994D2 /* pl-hash.c in Sources */,
				BDEDBB1720F8075D009994D2 /* pl-locale.c in Sources */,
				BDEDBB9F20F80898009994D2 /* pl-dde.c in Sources */,
				BDEDBADA20F806D3009994D2 /* taia_tai.c in Sources */,
				BDEDBAD520F806D3009994D2 /* caldate_scan.c in Sources */,
				BDEDBBAF20F80898009994D2 /* pl-init.c in Sources */,
				BD4E7F1620A0E1B700D3F15B /* AppDelegate.m in Sources */,
				BDEDBBB120F80898009994D2 /* pl-read.c in Sources */,
				BDEDBBA020F80898009994D2 /* pl-rsort.c in Sources */,
				BDEDBB1620F8075D009994D2 /* pl-glob.c in Sources */,
				BDEDBBB420F80898009994D2 /* pl-debug.c in Sources */,
				BDEDBB1320F8075D009994D2 /* pl-os.c in Sources */,
				BDEDBBA720F80898009994D2 /* pl-bag.c in Sources */,
				BDEDBACB20F806D3009994D2 /* caldate_fmjd.c in Sources */,
				BDEDBB8D20F80898009994D2 /* pl-tabling.c in Sources */,
				BDEDBBA820F80898009994D2 /* pl-dwim.c in Sources */,
				BDEDBAD420F806D3009994D2 /* caldate_mjd.c in Sources */,
				BDEDBADB20F806D3009994D2 /* tai_unpack.c in Sources */,
				BDEDBB8120F80898009994D2 /* pl-prof.c in Sources */,
				BDEDBB9020F80898009994D2 /* pl-funct.c in Sources */,
				BDEDBB7920F80898009994D2 /* pl-op.c in Sources */,
				BDEDBBB320F80898009994D2 /* pl-atom.c in Sources */,
				BDEDBAC820F806D3009994D2 /* taia_frac.c in Sources */,
				BDEDBAD220F806D3009994D2 /* taia_unpack.c in Sources */,
				BD4E809520A273E900D3F15B /* PrologInputView.m in Sources */,
				BDEDBAD720F806D3009994D2 /* taia_approx.c in Sources */,
				BDEDBBB920F80898009994D2 /* pl-trie.c in Sources */,
			);
			runOnlyForDeploymentPostprocessing = 0;
		};
/* End PBXSourcesBuildPhase section */

/* Begin PBXVariantGroup section */
		BD4E7F1A20A0E1B700D3F15B /* Main.storyboard */ = {
			isa = PBXVariantGroup;
			children = (
				BD4E7F1B20A0E1B700D3F15B /* Base */,
			);
			name = Main.storyboard;
			sourceTree = "<group>";
		};
		BD4E7F1F20A0E1B800D3F15B /* LaunchScreen.storyboard */ = {
			isa = PBXVariantGroup;
			children = (
				BD4E7F2020A0E1B800D3F15B /* Base */,
			);
			name = LaunchScreen.storyboard;
			sourceTree = "<group>";
		};
/* End PBXVariantGroup section */

/* Begin XCBuildConfiguration section */
		BD4E7F2520A0E1B800D3F15B /* Debug */ = {
			isa = XCBuildConfiguration;
			buildSettings = {
				ALWAYS_SEARCH_USER_PATHS = NO;
				CLANG_ANALYZER_NONNULL = YES;
				CLANG_ANALYZER_NUMBER_OBJECT_CONVERSION = YES_AGGRESSIVE;
				CLANG_CXX_LANGUAGE_STANDARD = "gnu++14";
				CLANG_CXX_LIBRARY = "libc++";
				CLANG_ENABLE_MODULES = YES;
				CLANG_ENABLE_OBJC_ARC = YES;
				CLANG_ENABLE_OBJC_WEAK = YES;
				CLANG_WARN_BLOCK_CAPTURE_AUTORELEASING = YES;
				CLANG_WARN_BOOL_CONVERSION = YES;
				CLANG_WARN_COMMA = YES;
				CLANG_WARN_CONSTANT_CONVERSION = YES;
				CLANG_WARN_DEPRECATED_OBJC_IMPLEMENTATIONS = YES;
				CLANG_WARN_DIRECT_OBJC_ISA_USAGE = YES_ERROR;
				CLANG_WARN_DOCUMENTATION_COMMENTS = YES;
				CLANG_WARN_EMPTY_BODY = YES;
				CLANG_WARN_ENUM_CONVERSION = YES;
				CLANG_WARN_INFINITE_RECURSION = YES;
				CLANG_WARN_INT_CONVERSION = YES;
				CLANG_WARN_NON_LITERAL_NULL_CONVERSION = YES;
				CLANG_WARN_OBJC_IMPLICIT_RETAIN_SELF = YES;
				CLANG_WARN_OBJC_LITERAL_CONVERSION = YES;
				CLANG_WARN_OBJC_ROOT_CLASS = YES_ERROR;
				CLANG_WARN_RANGE_LOOP_ANALYSIS = YES;
				CLANG_WARN_STRICT_PROTOTYPES = YES;
				CLANG_WARN_SUSPICIOUS_MOVE = YES;
				CLANG_WARN_UNGUARDED_AVAILABILITY = YES_AGGRESSIVE;
				CLANG_WARN_UNREACHABLE_CODE = YES;
				CLANG_WARN__DUPLICATE_METHOD_MATCH = YES;
				CODE_SIGN_IDENTITY = "iPhone Developer";
				COPY_PHASE_STRIP = NO;
				DEBUG_INFORMATION_FORMAT = dwarf;
				ENABLE_STRICT_OBJC_MSGSEND = YES;
				ENABLE_TESTABILITY = YES;
				GCC_C_LANGUAGE_STANDARD = gnu11;
				GCC_DYNAMIC_NO_PIC = NO;
				GCC_NO_COMMON_BLOCKS = YES;
				GCC_OPTIMIZATION_LEVEL = 0;
				GCC_PREPROCESSOR_DEFINITIONS = (
					"IOS=1",
					"Debug=1",
				);
				GCC_WARN_64_TO_32_BIT_CONVERSION = YES;
				GCC_WARN_ABOUT_RETURN_TYPE = YES_ERROR;
				GCC_WARN_UNDECLARED_SELECTOR = YES;
				GCC_WARN_UNINITIALIZED_AUTOS = YES_AGGRESSIVE;
				GCC_WARN_UNUSED_FUNCTION = YES;
				GCC_WARN_UNUSED_VARIABLE = YES;
				HEADER_SEARCH_PATHS = (
					.,
					../src,
				);
				IPHONEOS_DEPLOYMENT_TARGET = 11.3;
				MTL_ENABLE_DEBUG_INFO = YES;
				ONLY_ACTIVE_ARCH = YES;
				SDKROOT = iphoneos;
			};
			name = Debug;
		};
		BD4E7F2620A0E1B800D3F15B /* Release */ = {
			isa = XCBuildConfiguration;
			buildSettings = {
				ALWAYS_SEARCH_USER_PATHS = NO;
				CLANG_ANALYZER_NONNULL = YES;
				CLANG_ANALYZER_NUMBER_OBJECT_CONVERSION = YES_AGGRESSIVE;
				CLANG_CXX_LANGUAGE_STANDARD = "gnu++14";
				CLANG_CXX_LIBRARY = "libc++";
				CLANG_ENABLE_MODULES = YES;
				CLANG_ENABLE_OBJC_ARC = YES;
				CLANG_ENABLE_OBJC_WEAK = YES;
				CLANG_WARN_BLOCK_CAPTURE_AUTORELEASING = YES;
				CLANG_WARN_BOOL_CONVERSION = YES;
				CLANG_WARN_COMMA = YES;
				CLANG_WARN_CONSTANT_CONVERSION = YES;
				CLANG_WARN_DEPRECATED_OBJC_IMPLEMENTATIONS = YES;
				CLANG_WARN_DIRECT_OBJC_ISA_USAGE = YES_ERROR;
				CLANG_WARN_DOCUMENTATION_COMMENTS = YES;
				CLANG_WARN_EMPTY_BODY = YES;
				CLANG_WARN_ENUM_CONVERSION = YES;
				CLANG_WARN_INFINITE_RECURSION = YES;
				CLANG_WARN_INT_CONVERSION = YES;
				CLANG_WARN_NON_LITERAL_NULL_CONVERSION = YES;
				CLANG_WARN_OBJC_IMPLICIT_RETAIN_SELF = YES;
				CLANG_WARN_OBJC_LITERAL_CONVERSION = YES;
				CLANG_WARN_OBJC_ROOT_CLASS = YES_ERROR;
				CLANG_WARN_RANGE_LOOP_ANALYSIS = YES;
				CLANG_WARN_STRICT_PROTOTYPES = YES;
				CLANG_WARN_SUSPICIOUS_MOVE = YES;
				CLANG_WARN_UNGUARDED_AVAILABILITY = YES_AGGRESSIVE;
				CLANG_WARN_UNREACHABLE_CODE = YES;
				CLANG_WARN__DUPLICATE_METHOD_MATCH = YES;
				CODE_SIGN_IDENTITY = "iPhone Developer";
				COPY_PHASE_STRIP = NO;
				DEBUG_INFORMATION_FORMAT = "dwarf-with-dsym";
				ENABLE_NS_ASSERTIONS = NO;
				ENABLE_STRICT_OBJC_MSGSEND = YES;
				GCC_C_LANGUAGE_STANDARD = gnu11;
				GCC_NO_COMMON_BLOCKS = YES;
				GCC_PREPROCESSOR_DEFINITIONS = "IOS=1";
				GCC_WARN_64_TO_32_BIT_CONVERSION = YES;
				GCC_WARN_ABOUT_RETURN_TYPE = YES_ERROR;
				GCC_WARN_UNDECLARED_SELECTOR = YES;
				GCC_WARN_UNINITIALIZED_AUTOS = YES_AGGRESSIVE;
				GCC_WARN_UNUSED_FUNCTION = YES;
				GCC_WARN_UNUSED_VARIABLE = YES;
				HEADER_SEARCH_PATHS = (
					.,
					../src,
				);
				IPHONEOS_DEPLOYMENT_TARGET = 11.3;
				MTL_ENABLE_DEBUG_INFO = NO;
				SDKROOT = iphoneos;
				VALIDATE_PRODUCT = YES;
			};
			name = Release;
		};
		BD4E7F2820A0E1B800D3F15B /* Debug */ = {
			isa = XCBuildConfiguration;
			buildSettings = {
				ASSETCATALOG_COMPILER_APPICON_NAME = AppIcon;
				CODE_SIGN_STYLE = Automatic;
				DEVELOPMENT_TEAM = SX825S47JC;
				INFOPLIST_FILE = Prolog/Info.plist;
				LD_RUNPATH_SEARCH_PATHS = (
					"$(inherited)",
					"@executable_path/Frameworks",
				);
				PRODUCT_BUNDLE_IDENTIFIER = Viewpoints.Prolog;
				PRODUCT_NAME = "$(TARGET_NAME)";
				TARGETED_DEVICE_FAMILY = "1,2";
			};
			name = Debug;
		};
		BD4E7F2920A0E1B800D3F15B /* Release */ = {
			isa = XCBuildConfiguration;
			buildSettings = {
				ASSETCATALOG_COMPILER_APPICON_NAME = AppIcon;
				CODE_SIGN_STYLE = Automatic;
				DEVELOPMENT_TEAM = SX825S47JC;
				INFOPLIST_FILE = Prolog/Info.plist;
				LD_RUNPATH_SEARCH_PATHS = (
					"$(inherited)",
					"@executable_path/Frameworks",
				);
				PRODUCT_BUNDLE_IDENTIFIER = Viewpoints.Prolog;
				PRODUCT_NAME = "$(TARGET_NAME)";
				TARGETED_DEVICE_FAMILY = "1,2";
			};
			name = Release;
		};
/* End XCBuildConfiguration section */

/* Begin XCConfigurationList section */
		BD4E7F0C20A0E1B700D3F15B /* Build configuration list for PBXProject "Prolog" */ = {
			isa = XCConfigurationList;
			buildConfigurations = (
				BD4E7F2520A0E1B800D3F15B /* Debug */,
				BD4E7F2620A0E1B800D3F15B /* Release */,
			);
			defaultConfigurationIsVisible = 0;
			defaultConfigurationName = Release;
		};
		BD4E7F2720A0E1B800D3F15B /* Build configuration list for PBXNativeTarget "Prolog" */ = {
			isa = XCConfigurationList;
			buildConfigurations = (
				BD4E7F2820A0E1B800D3F15B /* Debug */,
				BD4E7F2920A0E1B800D3F15B /* Release */,
			);
			defaultConfigurationIsVisible = 0;
			defaultConfigurationName = Release;
		};
/* End XCConfigurationList section */
	};
	rootObject = BD4E7F0920A0E1B700D3F15B /* Project object */;
}
